{
  "name": "tinybuildapp5631",
  "version": "0.0.0",
  "lockfileVersion": 2,
  "requires": true,
  "packages": {
    "": {
      "name": "tinybuildapp5631",
      "version": "0.0.0",
      "license": "LGPL-3.0-or-later",
      "dependencies": {
        "babylonjs": "^5.34.0",
        "web-worker": "^1.2.0"
      }
    },
    "node_modules/babylonjs": {
      "version": "5.34.0",
      "resolved": "https://registry.npmjs.org/babylonjs/-/babylonjs-5.34.0.tgz",
      "integrity": "sha512-7kVP6jp4dgNPGlYPB4qQXfR038K8m38iGYlLGb8O5zGQVXfGYB17u67uz39QAGDtQD856GI8TBR3YtCbZ/se1g==",
      "hasInstallScript": true
    },
    "node_modules/web-worker": {
      "version": "1.2.0",
      "resolved": "https://registry.npmjs.org/web-worker/-/web-worker-1.2.0.tgz",
      "integrity": "sha512-PgF341avzqyx60neE9DD+XS26MMNMoUQRz9NOZwW32nPQrF6p77f1htcnjBSEV8BGMKZ16choqUG4hyI0Hx7mA=="
    }
  },
  "dependencies": {
    "babylonjs": {
      "version": "5.34.0",
      "resolved": "https://registry.npmjs.org/babylonjs/-/babylonjs-5.34.0.tgz",
      "integrity": "sha512-7kVP6jp4dgNPGlYPB4qQXfR038K8m38iGYlLGb8O5zGQVXfGYB17u67uz39QAGDtQD856GI8TBR3YtCbZ/se1g=="
    },
    "web-worker": {
      "version": "1.2.0",
      "resolved": "https://registry.npmjs.org/web-worker/-/web-worker-1.2.0.tgz",
      "integrity": "sha512-PgF341avzqyx60neE9DD+XS26MMNMoUQRz9NOZwW32nPQrF6p77f1htcnjBSEV8BGMKZ16choqUG4hyI0Hx7mA=="
    }
  }
}
