{
  "name": "tinybuildapp9800",
  "version": "0.0.0",
  "lockfileVersion": 3,
  "requires": true,
  "packages": {
    "": {
      "name": "tinybuildapp9800",
      "version": "0.0.0",
      "license": "LGPL-3.0-or-later",
      "dependencies": {
        "web-worker": "^1.2.0"
      },
      "devDependencies": {}
    },
    "../../../../../../../AppData/Roaming/npm/node_modules/tinybuild": {
      "version": "0.3.205",
      "extraneous": true,
      "license": "LGPL-3.0-or-later",
      "dependencies": {
        "chokidar": "~3.5.3",
        "esbuild": "~0.17.10",
        "ws": "^8.5.0"
      },
      "bin": {
        "tinybuild": "tinybuild/bin/global.js"
      },
      "peerDependencies": {
        "typescript": "~4.9.5"
      }
    },
    "node_modules/web-worker": {
      "version": "1.2.0",
      "resolved": "https://registry.npmjs.org/web-worker/-/web-worker-1.2.0.tgz",
      "integrity": "sha512-PgF341avzqyx60neE9DD+XS26MMNMoUQRz9NOZwW32nPQrF6p77f1htcnjBSEV8BGMKZ16choqUG4hyI0Hx7mA=="
    }
  }
}
