{
    "name": "graphscript-monorepo",
    "lockfileVersion": 2,
    "requires": true,
    "packages": {
        "": {
            "name": "graphscript-monorepo",
            "workspaces": [
                "**"
            ]
        },
        "examples/3dmodel": {
            "name": "tinybuildapp5631",
            "version": "0.0.0",
            "license": "AGPL-3.0-or-later",
            "dependencies": {
                "babylonjs": "^5.34.0",
                "web-worker": "^1.2.0"
            }
        },
        "examples/audiofeedback": {
            "name": "tinybuildapp7099",
            "version": "0.0.0",
            "license": "AGPL-3.0-or-later",
            "dependencies": {
                "browserfs": "^1.4.3",
                "device-decoder": "~0.3.4",
                "graphscript": "~0.2.26",
                "graphscript-services": "~0.2.26",
                "howler": "~2.2.3"
            }
        },
        "examples/eegnfb": {
            "name": "tinybuildapp6104",
            "version": "0.0.0",
            "license": "AGPL-3.0-or-later",
            "dependencies": {
                "browserfs": "^1.4.3",
                "device-decoder": "~0.3.4",
                "device-decoder.third-party": "~0.1.24",
                "graphscript": "~0.2.26",
                "howler": "~2.2.3"
            }
        },
        "examples/graph": {
            "name": "tinybuildapp1331",
            "version": "0.0.0",
            "license": "AGPL-3.0-or-later",
            "devDependencies": {}
        },
        "examples/html": {
            "name": "tinybuildapp8682",
            "version": "0.0.0",
            "license": "AGPL-3.0-or-later",
            "dependencies": {
                "web-worker": "^1.2.0"
            }
        },
        "examples/httpserver": {
            "name": "tinybuildapp9941",
            "version": "0.0.0",
            "license": "AGPL-3.0-or-later",
            "dependencies": {
                "graphscript-node": "~0.1.41"
            }
        },
        "examples/httpserver/node_modules/graphscript-node": {
            "version": "0.1.52",
            "resolved": "https://registry.npmjs.org/graphscript-node/-/graphscript-node-0.1.52.tgz",
            "integrity": "sha512-kOcEm6qgdY8sZihkiPXesVky4lUgQ5ajPyUGx2ZmEfgXaxeu35eclwmph66EtWHjLjxxtcSsdchXbAhojQb+8w==",
            "dependencies": {
                "better-sse": "~0.8.0",
                "brainsatplay-math": "~0.0.25",
                "bson-objectid": "~2.0.3",
                "web-worker": "~1.2.0",
                "ws": "~8.9.0"
            }
        },
        "examples/httpserver/node_modules/ws": {
            "version": "8.9.0",
            "resolved": "https://registry.npmjs.org/ws/-/ws-8.9.0.tgz",
            "integrity": "sha512-Ja7nszREasGaYUYCI2k4lCKIRTt+y7XuqVoHR44YpI49TtryyqbqvDMn5eqfW7e6HzTukDRIsXqzVHScqRcafg==",
            "engines": {
                "node": ">=10.0.0"
            },
            "peerDependencies": {
                "bufferutil": "^4.0.1",
                "utf-8-validate": "^5.0.2"
            },
            "peerDependenciesMeta": {
                "bufferutil": {
                    "optional": true
                },
                "utf-8-validate": {
                    "optional": true
                }
            }
        },
        "examples/webrtcrouter": {
            "name": "tinybuildapp2273",
            "version": "0.0.0",
            "license": "AGPL-3.0-or-later",
            "dependencies": {
                "better-sse": "^0.7.1",
                "brainsatplay-math": "^0.0.22",
                "bson-objectid": "^2.0.3",
                "gpujsutils": "^1.0.12",
                "web-worker": "^1.2.0",
                "ws": "^8.7.0"
            }
        },
        "examples/webrtcrouter/node_modules/better-sse": {
            "version": "0.7.1",
            "resolved": "https://registry.npmjs.org/better-sse/-/better-sse-0.7.1.tgz",
            "integrity": "sha512-2t7XGg6hQFNwtmFXKi6/jyY5K0/4fa5UoOqVSYG2W/AFbVCt8gPnFw2LHM9ude91a8KhoXtRt9zOwpVZ5f5K5g==",
            "engines": {
                "node": ">=12",
                "pnpm": ">=6"
            }
        },
        "examples/webrtcrouter/node_modules/brainsatplay-math": {
            "version": "0.0.22",
            "resolved": "https://registry.npmjs.org/brainsatplay-math/-/brainsatplay-math-0.0.22.tgz",
            "integrity": "sha512-er+7fobi+bgtuiaN5Pcg0cpOfl/d5hrM8W8sF5lnX9VWhcs2TvyG3J0UV+pozGYSBvtqij7Evs4HhhFIh3cfbQ=="
        },
        "examples/workercanvas": {
            "name": "graphscript-workercanvas-example",
            "version": "0.0.0",
            "license": "AGPL-3.0-or-later",
            "dependencies": {
                "graphscript": "~0.1.47"
            }
        },
        "examples/workercanvas/node_modules/graphscript": {
            "version": "0.1.52",
            "resolved": "https://registry.npmjs.org/graphscript/-/graphscript-0.1.52.tgz",
            "integrity": "sha512-bcpmZHhLR0aVF2ZDg3jkwqHzdOBp6fMKXsrnqeM2uf24WURdzas9SriCY7jXTNA5Eci9bGhdt0tHVeZlvyt/Sg==",
            "dependencies": {
                "better-sse": "~0.8.0",
                "brainsatplay-math": "~0.0.25",
                "bson-objectid": "~2.0.3",
                "web-worker": "~1.2.0",
                "ws": "~8.11.0"
            }
        },
        "examples/workerECS": {
            "name": "graphscript-workerecs-example",
            "version": "0.0.0",
            "license": "AGPL-3.0-or-later",
            "dependencies": {
                "graphscript": "~0.1.47",
                "three": "^0.143.0",
                "webgl-plot-utils": "^0.3.13"
            }
        },
        "examples/workerECS/node_modules/graphscript": {
            "version": "0.1.52",
            "resolved": "https://registry.npmjs.org/graphscript/-/graphscript-0.1.52.tgz",
            "integrity": "sha512-bcpmZHhLR0aVF2ZDg3jkwqHzdOBp6fMKXsrnqeM2uf24WURdzas9SriCY7jXTNA5Eci9bGhdt0tHVeZlvyt/Sg==",
            "dependencies": {
                "better-sse": "~0.8.0",
                "brainsatplay-math": "~0.0.25",
                "bson-objectid": "~2.0.3",
                "web-worker": "~1.2.0",
                "ws": "~8.11.0"
            }
        },
        "examples/workerthreejs": {
            "name": "graphscript-threejs-example",
            "version": "0.0.0",
            "license": "AGPL-3.0-or-later",
            "dependencies": {
                "graphscript": "~0.1.47",
                "three": "^0.143.0"
            }
        },
        "examples/workerthreejs/node_modules/graphscript": {
            "version": "0.1.52",
            "resolved": "https://registry.npmjs.org/graphscript/-/graphscript-0.1.52.tgz",
            "integrity": "sha512-bcpmZHhLR0aVF2ZDg3jkwqHzdOBp6fMKXsrnqeM2uf24WURdzas9SriCY7jXTNA5Eci9bGhdt0tHVeZlvyt/Sg==",
            "dependencies": {
                "better-sse": "~0.8.0",
                "brainsatplay-math": "~0.0.25",
                "bson-objectid": "~2.0.3",
                "web-worker": "~1.2.0",
                "ws": "~8.11.0"
            }
        },
        "extras": {
            "name": "graphscript-services",
            "version": "0.2.27",
            "license": "AGPL-3.0-or-later",
            "dependencies": {
                "brainsatplay-math": "~0.0.25",
                "browserfs": "^1.4.3",
                "bson-objectid": "~2.0.4",
                "gpujsutils": "~1.0.12",
                "web-worker": "^1.2.0",
                "webgl-plot-utils": "~0.3.15"
            },
            "devDependencies": {
                "@types/node": "~18.7.15"
            }
        },
        "js": {
            "name": "graphscript",
            "version": "0.2.27",
            "extraneous": true,
            "license": "AGPL-3.0-or-later",
            "workspaces": [
                "**"
            ],
            "dependencies": {
                "better-sse": "~0.8.0",
                "brainsatplay-math": "~0.0.25",
                "bson-objectid": "~2.0.3",
                "web-worker": "~1.2.0",
                "ws": "~8.11.0"
            },
            "devDependencies": {
                "@types/node": "~18.7.15",
                "@types/ws": "~8.5.3"
            }
        },
        "js/examples/3dmodel": {
            "name": "tinybuildapp5631",
            "version": "0.0.0",
            "extraneous": true,
            "license": "AGPL-3.0-or-later",
            "dependencies": {
                "babylonjs": "^5.34.0",
                "web-worker": "^1.2.0"
            }
        },
        "js/examples/audiofeedback": {
            "name": "tinybuildapp7099",
            "version": "0.0.0",
            "extraneous": true,
            "license": "AGPL-3.0-or-later",
            "dependencies": {
                "browserfs": "^1.4.3",
                "device-decoder": "~0.3.4",
                "graphscript": "~0.2.26",
                "graphscript-services": "~0.2.26",
                "howler": "~2.2.3"
            }
        },
        "js/examples/eegnfb": {
            "name": "tinybuildapp6104",
            "version": "0.0.0",
            "extraneous": true,
            "license": "AGPL-3.0-or-later",
            "dependencies": {
                "browserfs": "^1.4.3",
                "device-decoder": "~0.3.4",
                "device-decoder.third-party": "~0.1.24",
                "graphscript": "~0.2.26",
                "howler": "~2.2.3"
            }
        },
        "js/examples/graph": {
            "name": "tinybuildapp1331",
            "version": "0.0.0",
            "extraneous": true,
            "license": "AGPL-3.0-or-later",
            "devDependencies": {}
        },
        "js/examples/html": {
            "name": "tinybuildapp8682",
            "version": "0.0.0",
            "extraneous": true,
            "license": "AGPL-3.0-or-later",
            "dependencies": {
                "web-worker": "^1.2.0"
            }
        },
        "js/examples/httpserver": {
            "name": "tinybuildapp9941",
            "version": "0.0.0",
            "extraneous": true,
            "license": "AGPL-3.0-or-later",
            "dependencies": {
                "graphscript-node": "~0.1.41"
            }
        },
        "js/examples/webrtcrouter": {
            "name": "tinybuildapp2273",
            "version": "0.0.0",
            "extraneous": true,
            "license": "AGPL-3.0-or-later",
            "dependencies": {
                "better-sse": "^0.7.1",
                "brainsatplay-math": "^0.0.22",
                "bson-objectid": "^2.0.3",
                "gpujsutils": "^1.0.12",
                "web-worker": "^1.2.0",
                "ws": "^8.7.0"
            }
        },
        "js/examples/workercanvas": {
            "name": "graphscript-workercanvas-example",
            "version": "0.0.0",
            "extraneous": true,
            "license": "AGPL-3.0-or-later",
            "dependencies": {
                "graphscript": "~0.1.47"
            }
        },
        "js/examples/workerECS": {
            "name": "graphscript-workerecs-example",
            "version": "0.0.0",
            "extraneous": true,
            "license": "AGPL-3.0-or-later",
            "dependencies": {
                "graphscript": "~0.1.47",
                "three": "^0.143.0",
                "webgl-plot-utils": "^0.3.13"
            }
        },
        "js/examples/workerthreejs": {
            "name": "graphscript-threejs-example",
            "version": "0.0.0",
            "extraneous": true,
            "license": "AGPL-3.0-or-later",
            "dependencies": {
                "graphscript": "~0.1.47",
                "three": "^0.143.0"
            }
        },
        "js/packages/backend": {
            "name": "graphscript-node",
            "version": "0.2.27",
            "extraneous": true,
            "license": "AGPL-3.0-or-later",
            "dependencies": {
                "better-sse": "~0.8.0",
                "brainsatplay-math": "~0.0.25",
                "bson-objectid": "~2.0.3",
                "web-worker": "~1.2.0",
                "ws": "~8.11.0"
            },
            "devDependencies": {
                "@types/node": "~18.7.15",
                "@types/ws": "^8.5.3"
            }
        },
        "js/packages/core": {
            "name": "graphscript-core",
            "version": "0.2.27",
            "extraneous": true,
            "license": "AGPL-3.0-or-later",
            "devDependencies": {
                "@types/node": "~18.7.15"
            }
        },
        "node_modules/@capacitor-community/bluetooth-le": {
            "version": "2.0.1",
            "resolved": "https://registry.npmjs.org/@capacitor-community/bluetooth-le/-/bluetooth-le-2.0.1.tgz",
            "integrity": "sha512-K8NOAvzHKdwy+Ql9Y8hvtZh5gj5pnleAD8Q89HM9FDMbTsZmyBID0FcPGJxAZVRAb9VuaID3YykluRM7Up27ew==",
            "dependencies": {
                "@types/web-bluetooth": "^0.0.15",
                "throat": "^6.0.1"
            },
            "peerDependencies": {
                "@capacitor/core": "^4.0.0"
            }
        },
        "node_modules/@capacitor/core": {
            "version": "4.6.1",
            "resolved": "https://registry.npmjs.org/@capacitor/core/-/core-4.6.1.tgz",
            "integrity": "sha512-7A2IV9E8umgu9u0fChUTjQJq+Jp25GJZMmWxoQN/nVx/1rcpFJ4m1xo3NPBoIRs+aV7FR+BM17mPrnkKlA8N2g==",
            "peer": true,
            "dependencies": {
                "tslib": "^2.1.0"
            }
        },
        "node_modules/@types/node": {
            "version": "18.7.19",
            "dev": true,
            "license": "MIT"
        },
        "node_modules/@types/web-bluetooth": {
            "version": "0.0.15",
            "resolved": "https://registry.npmjs.org/@types/web-bluetooth/-/web-bluetooth-0.0.15.tgz",
            "integrity": "sha512-w7hEHXnPMEZ+4nGKl/KDRVpxkwYxYExuHOYXyzIzCDzEZ9ZCGMAewulr9IqJu2LR4N37fcnb1XVeuZ09qgOxhA=="
        },
        "node_modules/@types/ws": {
            "version": "8.5.3",
            "dev": true,
            "license": "MIT",
            "dependencies": {
                "@types/node": "*"
            }
        },
        "node_modules/@types/ws/node_modules/@types/node": {
            "version": "18.11.17",
            "dev": true,
            "license": "MIT"
        },
        "node_modules/async": {
            "version": "2.6.4",
            "resolved": "https://registry.npmjs.org/async/-/async-2.6.4.tgz",
            "integrity": "sha512-mzo5dfJYwAn29PeiJ0zvwTo04zj8HDJj0Mn8TD7sno7q12prdbnasKJHhkm2c1LgrhlJ0teaea8860oxi51mGA==",
            "dependencies": {
                "lodash": "^4.17.14"
            }
        },
        "node_modules/babylonjs": {
            "version": "5.39.0",
            "resolved": "https://registry.npmjs.org/babylonjs/-/babylonjs-5.39.0.tgz",
            "integrity": "sha512-U6nI2cGrflsL9z+SsEKzOGYGm0I6eu7d2hPO3rOxCfVFMSi9rCDI0tUPxQ7JpjQ6dkGFQafvmJnczUeFt/a16w==",
            "hasInstallScript": true
        },
        "node_modules/better-sse": {
            "version": "0.8.0",
            "resolved": "https://registry.npmjs.org/better-sse/-/better-sse-0.8.0.tgz",
            "integrity": "sha512-ymOse8R0L+R2S1W85yOGkkc+yTzAmo52S4erjxPyBVwpqjpS+X228BG7hDwgKsGV/D51YhCYd+eaDwJ+sL5JhA==",
            "engines": {
                "node": ">=12",
                "pnpm": ">=6"
            }
        },
        "node_modules/brainsatplay-math": {
            "version": "0.0.25",
            "license": "AGPL-3.0-or-later"
        },
        "node_modules/browserfs": {
            "version": "1.4.3",
            "resolved": "https://registry.npmjs.org/browserfs/-/browserfs-1.4.3.tgz",
            "integrity": "sha512-tz8HClVrzTJshcyIu8frE15cjqjcBIu15Bezxsvl/i+6f59iNCN3kznlWjz0FEb3DlnDx3gW5szxeT6D1x0s0w==",
            "dependencies": {
                "async": "^2.1.4",
                "pako": "^1.0.4"
            },
            "bin": {
                "make_xhrfs_index": "dist/scripts/make_xhrfs_index.js"
            },
            "engines": {
                "node": ">= 0.10"
            }
        },
        "node_modules/bson-objectid": {
            "version": "2.0.4",
            "license": "Apache-2.0"
        },
        "node_modules/device-decoder": {
            "version": "0.3.5",
            "resolved": "https://registry.npmjs.org/device-decoder/-/device-decoder-0.3.5.tgz",
            "integrity": "sha512-F2D61UWMXl/MC1PMX5EIt5y4nx8vA2MHeu//uvctKzFbCXbLiS9Qv/JE3avbxgGe3Mt/mW+4nlwNlAwBdv75iQ==",
            "dependencies": {
                "@capacitor-community/bluetooth-le": "~2.0.1",
                "brainsatplay-math": "~0.0.25",
                "graphscript": "~0.2.27",
                "graphscript-services": "~0.2.27",
                "graphscript-services.gpu": "~0.2.27",
                "graphscript-services.storage": "~0.2.27",
                "webgl-plot-utils": "~0.3.15"
            }
        },
        "node_modules/device-decoder.third-party": {
            "version": "0.1.25",
            "resolved": "https://registry.npmjs.org/device-decoder.third-party/-/device-decoder.third-party-0.1.25.tgz",
            "integrity": "sha512-/l2GS56jvrzwYpDqlvAiUDUr/ruxfKhXAgUUn72TSEKjQNhrXKi+Y6TU/+WSpF/HemiL4dZ7YxshL/iQCg9kEQ==",
            "dependencies": {
                "webgl-plot-utils": "~0.3.15"
            }
        },
        "node_modules/gpujsutils": {
            "version": "1.0.12",
            "resolved": "https://registry.npmjs.org/gpujsutils/-/gpujsutils-1.0.12.tgz",
            "integrity": "sha512-Zu6k59yavNqprmGGlrZT7fEVVex1Y5MWH/Eq7N5Mx8FrYRotmhtf2H4lAtlX9kR+TxffW51JUruJXnFOEvUg4Q=="
        },
        "node_modules/graphscript": {
            "resolved": "packages/graphscript",
            "link": true
        },
        "node_modules/graphscript-core": {
            "resolved": "packages/graphscript-core",
            "link": true
        },
        "node_modules/graphscript-node": {
            "resolved": "packages/graphscript-node",
            "link": true
        },
        "node_modules/graphscript-services": {
            "resolved": "extras",
            "link": true
        },
        "node_modules/graphscript-services.gpu": {
            "version": "0.2.27",
            "resolved": "https://registry.npmjs.org/graphscript-services.gpu/-/graphscript-services.gpu-0.2.27.tgz",
            "integrity": "sha512-5+0O7aPXg8qc2xk/CJFPRuqrRDIyOKkgknxlDXqRnvqUf0LkwmREHaiAslwVZQIAgml471AU1GsAhoajdr7b6A==",
            "dependencies": {
                "brainsatplay-math": "~0.0.25",
                "browserfs": "^1.4.3",
                "bson-objectid": "~2.0.3",
                "gpujsutils": "~1.0.12",
                "webgl-plot-utils": "~0.3.15"
            }
        },
        "node_modules/graphscript-services.storage": {
            "version": "0.2.27",
            "resolved": "https://registry.npmjs.org/graphscript-services.storage/-/graphscript-services.storage-0.2.27.tgz",
            "integrity": "sha512-9CdgYwHzSEcfGAJP/4X9Q/gSLWJKGhxWjQcELG/z1c9j+rLN6Fe+btNCsr63UYPew79JlWTvpw/CwOXLqBmINA==",
            "dependencies": {
                "brainsatplay-math": "~0.0.25",
                "browserfs": "^1.4.3",
                "bson-objectid": "~2.0.4",
                "gpujsutils": "~1.0.12",
                "webgl-plot-utils": "~0.3.15"
            }
        },
        "node_modules/graphscript-threejs-example": {
            "resolved": "examples/workerthreejs",
            "link": true
        },
        "node_modules/graphscript-workercanvas-example": {
            "resolved": "examples/workercanvas",
            "link": true
        },
        "node_modules/graphscript-workerecs-example": {
            "resolved": "examples/workerECS",
            "link": true
        },
        "node_modules/howler": {
            "version": "2.2.3",
            "resolved": "https://registry.npmjs.org/howler/-/howler-2.2.3.tgz",
            "integrity": "sha512-QM0FFkw0LRX1PR8pNzJVAY25JhIWvbKMBFM4gqk+QdV+kPXOhleWGCB6AiAF/goGjIHK2e/nIElplvjQwhr0jg=="
        },
        "node_modules/lodash": {
            "version": "4.17.21",
            "resolved": "https://registry.npmjs.org/lodash/-/lodash-4.17.21.tgz",
            "integrity": "sha512-v2kDEe57lecTulaDIuNTPy3Ry4gLGJ6Z1O3vE1krgXZNrsQ+LFTGHVxVjcXPs17LhbZVGedAJv8XZ1tvj5FvSg=="
        },
        "node_modules/pako": {
            "version": "1.0.11",
            "resolved": "https://registry.npmjs.org/pako/-/pako-1.0.11.tgz",
            "integrity": "sha512-4hLB8Py4zZce5s4yd9XzopqwVv/yGNhV1Bl8NTmCq1763HeK2+EwVTv+leGeL13Dnh2wfbqowVPXCIO0z4taYw=="
        },
        "node_modules/three": {
            "version": "0.143.0",
            "resolved": "https://registry.npmjs.org/three/-/three-0.143.0.tgz",
            "integrity": "sha512-oKcAGYHhJ46TGEuHjodo2n6TY2R6lbvrkp+feKZxqsUL/WkH7GKKaeu6RHeyb2Xjfk2dPLRKLsOP0KM2VgT8Zg=="
        },
        "node_modules/throat": {
            "version": "6.0.1",
            "resolved": "https://registry.npmjs.org/throat/-/throat-6.0.1.tgz",
            "integrity": "sha512-8hmiGIJMDlwjg7dlJ4yKGLK8EsYqKgPWbG3b4wjJddKNwc7N7Dpn08Df4szr/sZdMVeOstrdYSsqzX6BYbcB+w=="
        },
        "node_modules/tinybuildapp1331": {
            "resolved": "examples/graph",
            "link": true
        },
        "node_modules/tinybuildapp2273": {
            "resolved": "examples/webrtcrouter",
            "link": true
        },
        "node_modules/tinybuildapp5631": {
            "resolved": "examples/3dmodel",
            "link": true
        },
        "node_modules/tinybuildapp6104": {
            "resolved": "examples/eegnfb",
            "link": true
        },
        "node_modules/tinybuildapp7099": {
            "resolved": "examples/audiofeedback",
            "link": true
        },
        "node_modules/tinybuildapp8682": {
            "resolved": "examples/html",
            "link": true
        },
        "node_modules/tinybuildapp9941": {
            "resolved": "examples/httpserver",
            "link": true
        },
        "node_modules/tslib": {
            "version": "2.4.1",
            "resolved": "https://registry.npmjs.org/tslib/-/tslib-2.4.1.tgz",
            "integrity": "sha512-tGyy4dAjRIEwI7BzsB0lynWgOpfqjUdq91XXAlIWD2OwKBH7oCl/GZG/HT4BOHrTlPMOASlMQ7veyTqpmRcrNA==",
            "peer": true
        },
        "node_modules/web-worker": {
            "version": "1.2.0",
            "resolved": "https://registry.npmjs.org/web-worker/-/web-worker-1.2.0.tgz",
            "integrity": "sha512-PgF341avzqyx60neE9DD+XS26MMNMoUQRz9NOZwW32nPQrF6p77f1htcnjBSEV8BGMKZ16choqUG4hyI0Hx7mA=="
        },
        "node_modules/webgl-plot": {
            "version": "0.7.0",
            "resolved": "https://registry.npmjs.org/webgl-plot/-/webgl-plot-0.7.0.tgz",
            "integrity": "sha512-/prs3XMFKlXcov3qvx3LxqMws0Dg68kmmHmO82Qm6FFGpeKME7c3nuVqSe9CG47BvG9mGVPxDMjRc0DP/jTc2A=="
        },
        "node_modules/webgl-plot-utils": {
            "version": "0.3.15",
            "resolved": "https://registry.npmjs.org/webgl-plot-utils/-/webgl-plot-utils-0.3.15.tgz",
            "integrity": "sha512-OXPhrDATC4VVHVA4ySnxmvoSenNz/GNeX1e0vqPVyYt9l9bCSeZOou8tfOIAh5NoJ8UXZoq1yBNShLzwYAi8BA==",
            "dependencies": {
                "webgl-plot": "~0.7.0"
            }
        },
        "node_modules/ws": {
            "version": "8.11.0",
            "license": "MIT",
            "engines": {
                "node": ">=10.0.0"
            },
            "peerDependencies": {
                "bufferutil": "^4.0.1",
                "utf-8-validate": "^5.0.2"
            },
            "peerDependenciesMeta": {
                "bufferutil": {
                    "optional": true
                },
                "utf-8-validate": {
                    "optional": true
                }
            }
        },
        "packages/graphscript": {
            "version": "0.2.27",
            "license": "AGPL-3.0-or-later",
            "workspaces": [
                "**"
            ],
            "dependencies": {
                "better-sse": "~0.8.0",
                "brainsatplay-math": "~0.0.25",
                "bson-objectid": "~2.0.3",
                "web-worker": "~1.2.0",
                "ws": "~8.11.0"
            },
            "devDependencies": {
                "@types/node": "~18.7.15",
                "@types/ws": "~8.5.3"
            }
        },
        "packages/graphscript-core": {
            "version": "0.2.27",
            "license": "AGPL-3.0-or-later",
            "devDependencies": {
                "@types/node": "~18.7.15"
            }
        },
        "packages/graphscript-node": {
            "version": "0.2.27",
            "license": "AGPL-3.0-or-later",
            "dependencies": {
                "better-sse": "^0.8.0",
                "brainsatplay-math": "~0.0.25",
                "bson-objectid": "~2.0.3",
                "web-worker": "~1.2.0",
                "ws": "~8.11.0"
            },
            "devDependencies": {
                "@types/node": "~18.7.15",
                "@types/ws": "^8.5.3"
            }
        }
    },
    "dependencies": {
        "@capacitor-community/bluetooth-le": {
            "version": "2.0.1",
            "resolved": "https://registry.npmjs.org/@capacitor-community/bluetooth-le/-/bluetooth-le-2.0.1.tgz",
            "integrity": "sha512-K8NOAvzHKdwy+Ql9Y8hvtZh5gj5pnleAD8Q89HM9FDMbTsZmyBID0FcPGJxAZVRAb9VuaID3YykluRM7Up27ew==",
            "requires": {
                "@types/web-bluetooth": "^0.0.15",
                "throat": "^6.0.1"
            }
        },
        "@capacitor/core": {
            "version": "4.6.1",
            "resolved": "https://registry.npmjs.org/@capacitor/core/-/core-4.6.1.tgz",
            "integrity": "sha512-7A2IV9E8umgu9u0fChUTjQJq+Jp25GJZMmWxoQN/nVx/1rcpFJ4m1xo3NPBoIRs+aV7FR+BM17mPrnkKlA8N2g==",
            "peer": true,
            "requires": {
                "tslib": "^2.1.0"
            }
        },
        "@types/node": {
            "version": "18.7.19",
            "dev": true
        },
        "@types/web-bluetooth": {
            "version": "0.0.15",
            "resolved": "https://registry.npmjs.org/@types/web-bluetooth/-/web-bluetooth-0.0.15.tgz",
            "integrity": "sha512-w7hEHXnPMEZ+4nGKl/KDRVpxkwYxYExuHOYXyzIzCDzEZ9ZCGMAewulr9IqJu2LR4N37fcnb1XVeuZ09qgOxhA=="
        },
        "@types/ws": {
            "version": "8.5.3",
            "dev": true,
            "requires": {
                "@types/node": "*"
            },
            "dependencies": {
                "@types/node": {
                    "version": "18.11.17",
                    "dev": true
                }
            }
        },
        "async": {
            "version": "2.6.4",
            "resolved": "https://registry.npmjs.org/async/-/async-2.6.4.tgz",
            "integrity": "sha512-mzo5dfJYwAn29PeiJ0zvwTo04zj8HDJj0Mn8TD7sno7q12prdbnasKJHhkm2c1LgrhlJ0teaea8860oxi51mGA==",
            "requires": {
                "lodash": "^4.17.14"
            }
        },
        "babylonjs": {
            "version": "5.39.0",
            "resolved": "https://registry.npmjs.org/babylonjs/-/babylonjs-5.39.0.tgz",
            "integrity": "sha512-U6nI2cGrflsL9z+SsEKzOGYGm0I6eu7d2hPO3rOxCfVFMSi9rCDI0tUPxQ7JpjQ6dkGFQafvmJnczUeFt/a16w=="
        },
        "better-sse": {
            "version": "0.8.0",
            "resolved": "https://registry.npmjs.org/better-sse/-/better-sse-0.8.0.tgz",
            "integrity": "sha512-ymOse8R0L+R2S1W85yOGkkc+yTzAmo52S4erjxPyBVwpqjpS+X228BG7hDwgKsGV/D51YhCYd+eaDwJ+sL5JhA=="
        },
        "brainsatplay-math": {
            "version": "0.0.25"
        },
        "browserfs": {
            "version": "1.4.3",
            "resolved": "https://registry.npmjs.org/browserfs/-/browserfs-1.4.3.tgz",
            "integrity": "sha512-tz8HClVrzTJshcyIu8frE15cjqjcBIu15Bezxsvl/i+6f59iNCN3kznlWjz0FEb3DlnDx3gW5szxeT6D1x0s0w==",
            "requires": {
                "async": "^2.1.4",
                "pako": "^1.0.4"
            }
        },
        "bson-objectid": {
            "version": "2.0.4"
        },
        "device-decoder": {
            "version": "0.3.5",
            "resolved": "https://registry.npmjs.org/device-decoder/-/device-decoder-0.3.5.tgz",
            "integrity": "sha512-F2D61UWMXl/MC1PMX5EIt5y4nx8vA2MHeu//uvctKzFbCXbLiS9Qv/JE3avbxgGe3Mt/mW+4nlwNlAwBdv75iQ==",
            "requires": {
                "@capacitor-community/bluetooth-le": "~2.0.1",
                "brainsatplay-math": "~0.0.25",
                "graphscript": "~0.2.27",
                "graphscript-services": "~0.2.27",
                "graphscript-services.gpu": "~0.2.27",
                "graphscript-services.storage": "~0.2.27",
                "webgl-plot-utils": "~0.3.15"
            }
        },
        "device-decoder.third-party": {
            "version": "0.1.25",
            "resolved": "https://registry.npmjs.org/device-decoder.third-party/-/device-decoder.third-party-0.1.25.tgz",
            "integrity": "sha512-/l2GS56jvrzwYpDqlvAiUDUr/ruxfKhXAgUUn72TSEKjQNhrXKi+Y6TU/+WSpF/HemiL4dZ7YxshL/iQCg9kEQ==",
            "requires": {
                "webgl-plot-utils": "~0.3.15"
            }
        },
        "gpujsutils": {
            "version": "1.0.12",
            "resolved": "https://registry.npmjs.org/gpujsutils/-/gpujsutils-1.0.12.tgz",
            "integrity": "sha512-Zu6k59yavNqprmGGlrZT7fEVVex1Y5MWH/Eq7N5Mx8FrYRotmhtf2H4lAtlX9kR+TxffW51JUruJXnFOEvUg4Q=="
        },
        "graphscript": {
            "version": "file:packages/graphscript",
            "requires": {
                "@types/node": "~18.7.15",
                "@types/ws": "~8.5.3",
                "better-sse": "~0.8.0",
                "brainsatplay-math": "~0.0.25",
                "bson-objectid": "~2.0.3",
                "web-worker": "~1.2.0",
                "ws": "~8.11.0"
            }
        },
        "graphscript-core": {
            "version": "file:packages/graphscript-core",
            "requires": {
                "@types/node": "~18.7.15"
            }
        },
        "graphscript-node": {
            "version": "file:packages/graphscript-node",
            "requires": {
                "@types/node": "~18.7.15",
                "@types/ws": "^8.5.3",
                "better-sse": "^0.8.0",
                "brainsatplay-math": "~0.0.25",
                "bson-objectid": "~2.0.3",
                "web-worker": "~1.2.0",
                "ws": "~8.11.0"
            }
        },
        "graphscript-services": {
            "version": "file:extras",
            "requires": {
                "@types/node": "~18.7.15",
                "brainsatplay-math": "~0.0.25",
                "browserfs": "^1.4.3",
                "bson-objectid": "~2.0.4",
                "gpujsutils": "~1.0.12",
                "web-worker": "^1.2.0",
                "webgl-plot-utils": "~0.3.15"
            }
        },
        "graphscript-services.gpu": {
            "version": "0.2.27",
            "resolved": "https://registry.npmjs.org/graphscript-services.gpu/-/graphscript-services.gpu-0.2.27.tgz",
            "integrity": "sha512-5+0O7aPXg8qc2xk/CJFPRuqrRDIyOKkgknxlDXqRnvqUf0LkwmREHaiAslwVZQIAgml471AU1GsAhoajdr7b6A==",
            "requires": {
                "brainsatplay-math": "~0.0.25",
                "browserfs": "^1.4.3",
                "bson-objectid": "~2.0.3",
                "gpujsutils": "~1.0.12",
                "webgl-plot-utils": "~0.3.15"
            }
        },
        "graphscript-services.storage": {
            "version": "0.2.27",
            "resolved": "https://registry.npmjs.org/graphscript-services.storage/-/graphscript-services.storage-0.2.27.tgz",
            "integrity": "sha512-9CdgYwHzSEcfGAJP/4X9Q/gSLWJKGhxWjQcELG/z1c9j+rLN6Fe+btNCsr63UYPew79JlWTvpw/CwOXLqBmINA==",
            "requires": {
                "brainsatplay-math": "~0.0.25",
                "browserfs": "^1.4.3",
                "bson-objectid": "~2.0.4",
                "gpujsutils": "~1.0.12",
                "webgl-plot-utils": "~0.3.15"
            }
        },
        "graphscript-threejs-example": {
            "version": "file:examples/workerthreejs",
            "requires": {
                "graphscript": "~0.1.47",
                "three": "^0.143.0"
            },
            "dependencies": {
                "graphscript": {
                    "version": "0.1.52",
                    "resolved": "https://registry.npmjs.org/graphscript/-/graphscript-0.1.52.tgz",
                    "integrity": "sha512-bcpmZHhLR0aVF2ZDg3jkwqHzdOBp6fMKXsrnqeM2uf24WURdzas9SriCY7jXTNA5Eci9bGhdt0tHVeZlvyt/Sg==",
                    "requires": {
                        "better-sse": "~0.8.0",
                        "brainsatplay-math": "~0.0.25",
                        "bson-objectid": "~2.0.3",
                        "web-worker": "~1.2.0",
                        "ws": "~8.11.0"
                    }
                }
            }
        },
        "graphscript-workercanvas-example": {
            "version": "file:examples/workercanvas",
            "requires": {
                "graphscript": "~0.1.47"
            },
            "dependencies": {
                "graphscript": {
                    "version": "0.1.52",
                    "resolved": "https://registry.npmjs.org/graphscript/-/graphscript-0.1.52.tgz",
                    "integrity": "sha512-bcpmZHhLR0aVF2ZDg3jkwqHzdOBp6fMKXsrnqeM2uf24WURdzas9SriCY7jXTNA5Eci9bGhdt0tHVeZlvyt/Sg==",
                    "requires": {
                        "better-sse": "~0.8.0",
                        "brainsatplay-math": "~0.0.25",
                        "bson-objectid": "~2.0.3",
                        "web-worker": "~1.2.0",
                        "ws": "~8.11.0"
                    }
                }
            }
        },
        "graphscript-workerecs-example": {
            "version": "file:examples/workerECS",
            "requires": {
                "graphscript": "~0.1.47",
                "three": "^0.143.0",
                "webgl-plot-utils": "^0.3.13"
            },
            "dependencies": {
                "graphscript": {
                    "version": "0.1.52",
                    "resolved": "https://registry.npmjs.org/graphscript/-/graphscript-0.1.52.tgz",
                    "integrity": "sha512-bcpmZHhLR0aVF2ZDg3jkwqHzdOBp6fMKXsrnqeM2uf24WURdzas9SriCY7jXTNA5Eci9bGhdt0tHVeZlvyt/Sg==",
                    "requires": {
                        "better-sse": "~0.8.0",
                        "brainsatplay-math": "~0.0.25",
                        "bson-objectid": "~2.0.3",
                        "web-worker": "~1.2.0",
                        "ws": "~8.11.0"
                    }
                }
            }
        },
        "howler": {
            "version": "2.2.3",
            "resolved": "https://registry.npmjs.org/howler/-/howler-2.2.3.tgz",
            "integrity": "sha512-QM0FFkw0LRX1PR8pNzJVAY25JhIWvbKMBFM4gqk+QdV+kPXOhleWGCB6AiAF/goGjIHK2e/nIElplvjQwhr0jg=="
        },
        "lodash": {
            "version": "4.17.21",
            "resolved": "https://registry.npmjs.org/lodash/-/lodash-4.17.21.tgz",
            "integrity": "sha512-v2kDEe57lecTulaDIuNTPy3Ry4gLGJ6Z1O3vE1krgXZNrsQ+LFTGHVxVjcXPs17LhbZVGedAJv8XZ1tvj5FvSg=="
        },
        "pako": {
            "version": "1.0.11",
            "resolved": "https://registry.npmjs.org/pako/-/pako-1.0.11.tgz",
            "integrity": "sha512-4hLB8Py4zZce5s4yd9XzopqwVv/yGNhV1Bl8NTmCq1763HeK2+EwVTv+leGeL13Dnh2wfbqowVPXCIO0z4taYw=="
        },
        "three": {
            "version": "0.143.0",
            "resolved": "https://registry.npmjs.org/three/-/three-0.143.0.tgz",
            "integrity": "sha512-oKcAGYHhJ46TGEuHjodo2n6TY2R6lbvrkp+feKZxqsUL/WkH7GKKaeu6RHeyb2Xjfk2dPLRKLsOP0KM2VgT8Zg=="
        },
        "throat": {
            "version": "6.0.1",
            "resolved": "https://registry.npmjs.org/throat/-/throat-6.0.1.tgz",
            "integrity": "sha512-8hmiGIJMDlwjg7dlJ4yKGLK8EsYqKgPWbG3b4wjJddKNwc7N7Dpn08Df4szr/sZdMVeOstrdYSsqzX6BYbcB+w=="
        },
        "tinybuildapp1331": {
            "version": "file:examples/graph"
        },
        "tinybuildapp2273": {
            "version": "file:examples/webrtcrouter",
            "requires": {
                "better-sse": "^0.7.1",
                "brainsatplay-math": "^0.0.22",
                "bson-objectid": "^2.0.3",
                "gpujsutils": "^1.0.12",
                "web-worker": "^1.2.0",
                "ws": "^8.7.0"
            },
            "dependencies": {
                "better-sse": {
                    "version": "0.7.1",
                    "resolved": "https://registry.npmjs.org/better-sse/-/better-sse-0.7.1.tgz",
                    "integrity": "sha512-2t7XGg6hQFNwtmFXKi6/jyY5K0/4fa5UoOqVSYG2W/AFbVCt8gPnFw2LHM9ude91a8KhoXtRt9zOwpVZ5f5K5g=="
                },
                "brainsatplay-math": {
                    "version": "0.0.22",
                    "resolved": "https://registry.npmjs.org/brainsatplay-math/-/brainsatplay-math-0.0.22.tgz",
                    "integrity": "sha512-er+7fobi+bgtuiaN5Pcg0cpOfl/d5hrM8W8sF5lnX9VWhcs2TvyG3J0UV+pozGYSBvtqij7Evs4HhhFIh3cfbQ=="
                }
            }
        },
        "tinybuildapp5631": {
            "version": "file:examples/3dmodel",
            "requires": {
                "babylonjs": "^5.34.0",
                "web-worker": "^1.2.0"
            }
        },
        "tinybuildapp6104": {
            "version": "file:examples/eegnfb",
            "requires": {
                "browserfs": "^1.4.3",
                "device-decoder": "~0.3.4",
                "device-decoder.third-party": "~0.1.24",
                "graphscript": "~0.2.26",
                "howler": "~2.2.3"
            }
        },
        "tinybuildapp7099": {
            "version": "file:examples/audiofeedback",
            "requires": {
                "browserfs": "^1.4.3",
                "device-decoder": "~0.3.4",
                "graphscript": "~0.2.26",
                "graphscript-services": "~0.2.26",
                "howler": "~2.2.3"
            }
        },
        "tinybuildapp8682": {
            "version": "file:examples/html",
            "requires": {
                "web-worker": "^1.2.0"
            }
        },
        "tinybuildapp9941": {
            "version": "file:examples/httpserver",
            "requires": {
                "graphscript-node": "~0.1.41"
            },
            "dependencies": {
                "graphscript-node": {
                    "version": "0.1.52",
                    "resolved": "https://registry.npmjs.org/graphscript-node/-/graphscript-node-0.1.52.tgz",
                    "integrity": "sha512-kOcEm6qgdY8sZihkiPXesVky4lUgQ5ajPyUGx2ZmEfgXaxeu35eclwmph66EtWHjLjxxtcSsdchXbAhojQb+8w==",
                    "requires": {
                        "better-sse": "~0.8.0",
                        "brainsatplay-math": "~0.0.25",
                        "bson-objectid": "~2.0.3",
                        "web-worker": "~1.2.0",
                        "ws": "~8.9.0"
                    }
                },
                "ws": {
                    "version": "8.9.0",
                    "resolved": "https://registry.npmjs.org/ws/-/ws-8.9.0.tgz",
                    "integrity": "sha512-Ja7nszREasGaYUYCI2k4lCKIRTt+y7XuqVoHR44YpI49TtryyqbqvDMn5eqfW7e6HzTukDRIsXqzVHScqRcafg==",
                    "requires": {}
                }
            }
        },
        "tslib": {
            "version": "2.4.1",
            "resolved": "https://registry.npmjs.org/tslib/-/tslib-2.4.1.tgz",
            "integrity": "sha512-tGyy4dAjRIEwI7BzsB0lynWgOpfqjUdq91XXAlIWD2OwKBH7oCl/GZG/HT4BOHrTlPMOASlMQ7veyTqpmRcrNA==",
            "peer": true
        },
        "web-worker": {
            "version": "1.2.0",
            "resolved": "https://registry.npmjs.org/web-worker/-/web-worker-1.2.0.tgz",
            "integrity": "sha512-PgF341avzqyx60neE9DD+XS26MMNMoUQRz9NOZwW32nPQrF6p77f1htcnjBSEV8BGMKZ16choqUG4hyI0Hx7mA=="
        },
        "webgl-plot": {
            "version": "0.7.0",
            "resolved": "https://registry.npmjs.org/webgl-plot/-/webgl-plot-0.7.0.tgz",
            "integrity": "sha512-/prs3XMFKlXcov3qvx3LxqMws0Dg68kmmHmO82Qm6FFGpeKME7c3nuVqSe9CG47BvG9mGVPxDMjRc0DP/jTc2A=="
        },
        "webgl-plot-utils": {
            "version": "0.3.15",
            "resolved": "https://registry.npmjs.org/webgl-plot-utils/-/webgl-plot-utils-0.3.15.tgz",
            "integrity": "sha512-OXPhrDATC4VVHVA4ySnxmvoSenNz/GNeX1e0vqPVyYt9l9bCSeZOou8tfOIAh5NoJ8UXZoq1yBNShLzwYAi8BA==",
            "requires": {
                "webgl-plot": "~0.7.0"
            }
        },
        "ws": {
            "version": "8.11.0",
            "requires": {}
        }
    }
}
