{
    "name": "servicegraph",
    "version": "0.0.0",
    "lockfileVersion": 2,
    "requires": true,
    "packages": {
        "": {
            "name": "servicegraph",
            "version": "0.0.0",
            "license": "AGPL-3.0-or-later",
            "dependencies": {
                "better-sse": "^0.7.1",
                "brainsatplay-data": "^0.0.48",
                "brainsatplay-math": "^0.0.22",
                "bson-objectid": "^2.0.3",
                "fragelement": "^1.3.16",
                "gpujsutils": "^1.0.8",
                "web-worker": "^1.2.0",
                "ws": "^8.7.0"
            },
            "devDependencies": {
                "@types/node": "^17.0.36",
                "@types/ws": "^8.5.3"
            }
        },
        "../../../AppData/Roaming/npm/node_modules/tinybuild": {
            "version": "0.3.127",
            "extraneous": true,
            "license": "AGPL-3.0-or-later",
            "dependencies": {
                "chokidar": "~3.5.3",
                "esbuild": "~0.14.41",
                "esbuild-plugin-d.ts": "^1.1.0",
                "ws": "^8.5.0"
            },
            "bin": {
                "tinybuild": "tinybuild/bin/global.js"
            },
            "peerDependencies": {
                "typescript": "~4.6.4"
            }
        },
        "node_modules/@types/node": {
            "version": "17.0.36",
            "resolved": "https://registry.npmjs.org/@types/node/-/node-17.0.36.tgz",
            "integrity": "sha512-V3orv+ggDsWVHP99K3JlwtH20R7J4IhI1Kksgc+64q5VxgfRkQG8Ws3MFm/FZOKDYGy9feGFlZ70/HpCNe9QaA==",
            "dev": true
        },
        "node_modules/@types/ws": {
            "version": "8.5.3",
            "resolved": "https://registry.npmjs.org/@types/ws/-/ws-8.5.3.tgz",
            "integrity": "sha512-6YOoWjruKj1uLf3INHH7D3qTXwFfEsg1kf3c0uDdSBJwfa/llkwIjrAGV7j7mVgGNbzTQ3HiHKKDXl6bJPD97w==",
            "dev": true,
            "dependencies": {
                "@types/node": "*"
            }
        },
        "node_modules/better-sse": {
            "version": "0.7.1",
            "resolved": "https://registry.npmjs.org/better-sse/-/better-sse-0.7.1.tgz",
            "integrity": "sha512-2t7XGg6hQFNwtmFXKi6/jyY5K0/4fa5UoOqVSYG2W/AFbVCt8gPnFw2LHM9ude91a8KhoXtRt9zOwpVZ5f5K5g==",
            "engines": {
                "node": ">=12",
                "pnpm": ">=6"
            }
        },
        "node_modules/brainsatplay-data": {
            "version": "0.0.48",
            "resolved": "https://registry.npmjs.org/brainsatplay-data/-/brainsatplay-data-0.0.48.tgz",
            "integrity": "sha512-3xJ4C5ts0z6dKTkaEI0LrHO443gphOj/OAP9JfZARZXE5MO+kMsOIlvAgijeP7ty4btZtg7MNEEacwIBXREgbQ==",
            "dependencies": {
                "brainsatplay-math": "^0.0.2"
            }
        },
        "node_modules/brainsatplay-data/node_modules/brainsatplay-math": {
            "version": "0.0.2",
            "resolved": "https://registry.npmjs.org/brainsatplay-math/-/brainsatplay-math-0.0.2.tgz",
            "integrity": "sha512-7fjUfcmR2TcHtRh9jCds1WF1HZWhvvDytE6ngrkOUnMTQTbrDs0iAcp8NjMEiHumJRjcaD/c6PN60wIY0rjQaQ=="
        },
        "node_modules/brainsatplay-math": {
            "version": "0.0.22",
            "resolved": "https://registry.npmjs.org/brainsatplay-math/-/brainsatplay-math-0.0.22.tgz",
            "integrity": "sha512-er+7fobi+bgtuiaN5Pcg0cpOfl/d5hrM8W8sF5lnX9VWhcs2TvyG3J0UV+pozGYSBvtqij7Evs4HhhFIh3cfbQ=="
        },
        "node_modules/bson-objectid": {
            "version": "2.0.3",
            "resolved": "https://registry.npmjs.org/bson-objectid/-/bson-objectid-2.0.3.tgz",
            "integrity": "sha512-WYwVtY9yqk179EPMNuF3vcxufdrGLEo2XwqdRVbfLVe9X6jLt7WKZQgP+ObOcprakBGbHxzl76tgTaieqsH29g=="
        },
        "node_modules/fragelement": {
            "version": "1.3.16",
            "resolved": "https://registry.npmjs.org/fragelement/-/fragelement-1.3.16.tgz",
            "integrity": "sha512-zRfuHc6q1fUqeTuvODOvIrECA2791F82LPWc6GYnRPtsQ6r1YDeVcE5ZzwvwJHWxWJX6tYxAbjUDbHBEntex0Q=="
        },
        "node_modules/gpujsutils": {
            "version": "1.0.8",
            "resolved": "https://registry.npmjs.org/gpujsutils/-/gpujsutils-1.0.8.tgz",
            "integrity": "sha512-TEWBNXDclnohXSgPs/Ofl5NDCD9PPquShftbhUDE78CsFypsK7wjExvK2z7yn8ZUqSRf/4htFUNXXBalRIV1TQ=="
        },
        "node_modules/web-worker": {
            "version": "1.2.0",
            "resolved": "https://registry.npmjs.org/web-worker/-/web-worker-1.2.0.tgz",
            "integrity": "sha512-PgF341avzqyx60neE9DD+XS26MMNMoUQRz9NOZwW32nPQrF6p77f1htcnjBSEV8BGMKZ16choqUG4hyI0Hx7mA=="
        },
        "node_modules/ws": {
            "version": "8.7.0",
            "resolved": "https://registry.npmjs.org/ws/-/ws-8.7.0.tgz",
            "integrity": "sha512-c2gsP0PRwcLFzUiA8Mkr37/MI7ilIlHQxaEAtd0uNMbVMoy8puJyafRlm0bV9MbGSabUPeLrRRaqIBcFcA2Pqg==",
            "engines": {
                "node": ">=10.0.0"
            },
            "peerDependencies": {
                "bufferutil": "^4.0.1",
                "utf-8-validate": "^5.0.2"
            },
            "peerDependenciesMeta": {
                "bufferutil": {
                    "optional": true
                },
                "utf-8-validate": {
                    "optional": true
                }
            }
        }
    },
    "dependencies": {
        "@types/node": {
            "version": "17.0.36",
            "resolved": "https://registry.npmjs.org/@types/node/-/node-17.0.36.tgz",
            "integrity": "sha512-V3orv+ggDsWVHP99K3JlwtH20R7J4IhI1Kksgc+64q5VxgfRkQG8Ws3MFm/FZOKDYGy9feGFlZ70/HpCNe9QaA==",
            "dev": true
        },
        "@types/ws": {
            "version": "8.5.3",
            "resolved": "https://registry.npmjs.org/@types/ws/-/ws-8.5.3.tgz",
            "integrity": "sha512-6YOoWjruKj1uLf3INHH7D3qTXwFfEsg1kf3c0uDdSBJwfa/llkwIjrAGV7j7mVgGNbzTQ3HiHKKDXl6bJPD97w==",
            "dev": true,
            "requires": {
                "@types/node": "*"
            }
        },
        "better-sse": {
            "version": "0.7.1",
            "resolved": "https://registry.npmjs.org/better-sse/-/better-sse-0.7.1.tgz",
            "integrity": "sha512-2t7XGg6hQFNwtmFXKi6/jyY5K0/4fa5UoOqVSYG2W/AFbVCt8gPnFw2LHM9ude91a8KhoXtRt9zOwpVZ5f5K5g=="
        },
        "brainsatplay-data": {
            "version": "0.0.48",
            "resolved": "https://registry.npmjs.org/brainsatplay-data/-/brainsatplay-data-0.0.48.tgz",
            "integrity": "sha512-3xJ4C5ts0z6dKTkaEI0LrHO443gphOj/OAP9JfZARZXE5MO+kMsOIlvAgijeP7ty4btZtg7MNEEacwIBXREgbQ==",
            "requires": {
                "brainsatplay-math": "^0.0.2"
            },
            "dependencies": {
                "brainsatplay-math": {
                    "version": "0.0.2",
                    "resolved": "https://registry.npmjs.org/brainsatplay-math/-/brainsatplay-math-0.0.2.tgz",
                    "integrity": "sha512-7fjUfcmR2TcHtRh9jCds1WF1HZWhvvDytE6ngrkOUnMTQTbrDs0iAcp8NjMEiHumJRjcaD/c6PN60wIY0rjQaQ=="
                }
            }
        },
        "brainsatplay-math": {
            "version": "0.0.22",
            "resolved": "https://registry.npmjs.org/brainsatplay-math/-/brainsatplay-math-0.0.22.tgz",
            "integrity": "sha512-er+7fobi+bgtuiaN5Pcg0cpOfl/d5hrM8W8sF5lnX9VWhcs2TvyG3J0UV+pozGYSBvtqij7Evs4HhhFIh3cfbQ=="
        },
        "bson-objectid": {
            "version": "2.0.3",
            "resolved": "https://registry.npmjs.org/bson-objectid/-/bson-objectid-2.0.3.tgz",
            "integrity": "sha512-WYwVtY9yqk179EPMNuF3vcxufdrGLEo2XwqdRVbfLVe9X6jLt7WKZQgP+ObOcprakBGbHxzl76tgTaieqsH29g=="
        },
        "fragelement": {
            "version": "1.3.16",
            "resolved": "https://registry.npmjs.org/fragelement/-/fragelement-1.3.16.tgz",
            "integrity": "sha512-zRfuHc6q1fUqeTuvODOvIrECA2791F82LPWc6GYnRPtsQ6r1YDeVcE5ZzwvwJHWxWJX6tYxAbjUDbHBEntex0Q=="
        },
        "gpujsutils": {
            "version": "1.0.8",
            "resolved": "https://registry.npmjs.org/gpujsutils/-/gpujsutils-1.0.8.tgz",
            "integrity": "sha512-TEWBNXDclnohXSgPs/Ofl5NDCD9PPquShftbhUDE78CsFypsK7wjExvK2z7yn8ZUqSRf/4htFUNXXBalRIV1TQ=="
        },
        "web-worker": {
            "version": "1.2.0",
            "resolved": "https://registry.npmjs.org/web-worker/-/web-worker-1.2.0.tgz",
            "integrity": "sha512-PgF341avzqyx60neE9DD+XS26MMNMoUQRz9NOZwW32nPQrF6p77f1htcnjBSEV8BGMKZ16choqUG4hyI0Hx7mA=="
        },
        "ws": {
            "version": "8.7.0",
            "resolved": "https://registry.npmjs.org/ws/-/ws-8.7.0.tgz",
            "integrity": "sha512-c2gsP0PRwcLFzUiA8Mkr37/MI7ilIlHQxaEAtd0uNMbVMoy8puJyafRlm0bV9MbGSabUPeLrRRaqIBcFcA2Pqg==",
            "requires": {}
        }
    }
}
