{
    "name": "graphscript",
    "version": "0.3.1",
    "lockfileVersion": 2,
    "requires": true,
    "packages": {
        "": {
            "name": "graphscript",
            "version": "0.3.1",
            "license": "LGPL-3.0-or-later",
            "dependencies": {
                "better-sse": "~0.11.0",
                "brainsatplay-math": "~0.1.0",
                "web-worker": "~1.3.0",
                "ws": "~8.16.0"
            },
            "devDependencies": {
                "@types/node": "~18.7.15",
                "@types/ws": "~8.5.3"
            }
        },
        "../../../AppData/Roaming/npm/node_modules/tinybuild": {
            "version": "0.3.127",
            "extraneous": true,
            "license": "LGPL-3.0-or-later",
            "dependencies": {
                "chokidar": "~3.5.3",
                "esbuild": "~0.14.41",
                "esbuild-plugin-d.ts": "^1.1.0",
                "ws": "^8.5.0"
            },
            "bin": {
                "tinybuild": "tinybuild/bin/global.js"
            },
            "peerDependencies": {
                "typescript": "~4.6.4"
            }
        },
        "node_modules/@types/node": {
            "version": "18.7.19",
            "resolved": "https://registry.npmjs.org/@types/node/-/node-18.7.19.tgz",
            "integrity": "sha512-Sq1itGUKUX1ap7GgZlrzdBydjbsJL/NSQt/4wkAxUJ7/OS5c2WkoN6WSpWc2Yc5wtKMZOUA0VCs/j2XJadN3HA==",
            "dev": true
        },
        "node_modules/@types/ws": {
            "version": "8.5.4",
            "resolved": "https://registry.npmjs.org/@types/ws/-/ws-8.5.4.tgz",
            "integrity": "sha512-zdQDHKUgcX/zBc4GrwsE/7dVdAD8JR4EuiAXiiUhhfyIJXXb2+PrGshFyeXWQPMmmZ2XxgaqclgpIC7eTXc1mg==",
            "dev": true,
            "dependencies": {
                "@types/node": "*"
            }
        },
        "node_modules/better-sse": {
            "version": "0.11.0",
            "resolved": "https://registry.npmjs.org/better-sse/-/better-sse-0.11.0.tgz",
            "integrity": "sha512-xY5Nmn9XyO5PiMw4//C+mNCUknaueugBqXMoMdEp2s9oNDVI4Vu6nhjduxA6yOxJVm/O6u3YC3FbLMHEvTzk3Q==",
            "engines": {
                "node": ">=12",
                "pnpm": ">=6"
            }
        },
        "node_modules/brainsatplay-math": {
            "version": "0.1.0",
            "resolved": "https://registry.npmjs.org/brainsatplay-math/-/brainsatplay-math-0.1.0.tgz",
            "integrity": "sha512-V95piSmlNtqf6vYXrhg/wu/IuTSQnM1jj5LXKHh68zVGYV9x2EEiR4TqcRMw3URbRHzME4DHkWNXJ1l2vwDhYg=="
        },
        "node_modules/web-worker": {
            "version": "1.3.0",
            "resolved": "https://registry.npmjs.org/web-worker/-/web-worker-1.3.0.tgz",
            "integrity": "sha512-BSR9wyRsy/KOValMgd5kMyr3JzpdeoR9KVId8u5GVlTTAtNChlsE4yTxeY7zMdNSyOmoKBv8NH2qeRY9Tg+IaA=="
        },
        "node_modules/ws": {
            "version": "8.16.0",
            "resolved": "https://registry.npmjs.org/ws/-/ws-8.16.0.tgz",
            "integrity": "sha512-HS0c//TP7Ina87TfiPUz1rQzMhHrl/SG2guqRcTOIUYD2q8uhUdNHZYJUaQ8aTGPzCh+c6oawMKW35nFl1dxyQ==",
            "engines": {
                "node": ">=10.0.0"
            },
            "peerDependencies": {
                "bufferutil": "^4.0.1",
                "utf-8-validate": ">=5.0.2"
            },
            "peerDependenciesMeta": {
                "bufferutil": {
                    "optional": true
                },
                "utf-8-validate": {
                    "optional": true
                }
            }
        }
    },
    "dependencies": {
        "@types/node": {
            "version": "18.7.19",
            "resolved": "https://registry.npmjs.org/@types/node/-/node-18.7.19.tgz",
            "integrity": "sha512-Sq1itGUKUX1ap7GgZlrzdBydjbsJL/NSQt/4wkAxUJ7/OS5c2WkoN6WSpWc2Yc5wtKMZOUA0VCs/j2XJadN3HA==",
            "dev": true
        },
        "@types/ws": {
            "version": "8.5.4",
            "resolved": "https://registry.npmjs.org/@types/ws/-/ws-8.5.4.tgz",
            "integrity": "sha512-zdQDHKUgcX/zBc4GrwsE/7dVdAD8JR4EuiAXiiUhhfyIJXXb2+PrGshFyeXWQPMmmZ2XxgaqclgpIC7eTXc1mg==",
            "dev": true,
            "requires": {
                "@types/node": "*"
            }
        },
        "better-sse": {
            "version": "0.11.0",
            "resolved": "https://registry.npmjs.org/better-sse/-/better-sse-0.11.0.tgz",
            "integrity": "sha512-xY5Nmn9XyO5PiMw4//C+mNCUknaueugBqXMoMdEp2s9oNDVI4Vu6nhjduxA6yOxJVm/O6u3YC3FbLMHEvTzk3Q=="
        },
        "brainsatplay-math": {
            "version": "0.1.0",
            "resolved": "https://registry.npmjs.org/brainsatplay-math/-/brainsatplay-math-0.1.0.tgz",
            "integrity": "sha512-V95piSmlNtqf6vYXrhg/wu/IuTSQnM1jj5LXKHh68zVGYV9x2EEiR4TqcRMw3URbRHzME4DHkWNXJ1l2vwDhYg=="
        },
        "web-worker": {
            "version": "1.3.0",
            "resolved": "https://registry.npmjs.org/web-worker/-/web-worker-1.3.0.tgz",
            "integrity": "sha512-BSR9wyRsy/KOValMgd5kMyr3JzpdeoR9KVId8u5GVlTTAtNChlsE4yTxeY7zMdNSyOmoKBv8NH2qeRY9Tg+IaA=="
        },
        "ws": {
            "version": "8.16.0",
            "resolved": "https://registry.npmjs.org/ws/-/ws-8.16.0.tgz",
            "integrity": "sha512-HS0c//TP7Ina87TfiPUz1rQzMhHrl/SG2guqRcTOIUYD2q8uhUdNHZYJUaQ8aTGPzCh+c6oawMKW35nFl1dxyQ==",
            "requires": {}
        }
    }
}
