{
  "name": "tinybuildapp5363",
  "version": "0.0.0",
  "lockfileVersion": 2,
  "requires": true,
  "packages": {
    "": {
      "name": "tinybuildapp5363",
      "version": "0.0.0",
      "license": "LGPL-3.0-or-later",
      "dependencies": {
        "litegraph.js": "^0.7.14",
        "web-worker": "^1.2.0"
      }
    },
    "../../../AppData/Roaming/npm/node_modules/tinybuild": {
      "version": "0.3.202",
      "extraneous": true,
      "license": "LGPL-3.0-or-later",
      "dependencies": {
        "chokidar": "~3.5.3",
        "esbuild": "~0.17.10",
        "ws": "^8.5.0"
      },
      "bin": {
        "tinybuild": "tinybuild/bin/global.js"
      },
      "peerDependencies": {
        "typescript": "~4.9.5"
      }
    },
    "node_modules/litegraph.js": {
      "version": "0.7.14",
      "resolved": "https://registry.npmjs.org/litegraph.js/-/litegraph.js-0.7.14.tgz",
      "integrity": "sha512-xVC0a/D3uLZkpdV/HxyrruDIWM0vMOoIhgaUQXYymQ8pKgbeQZKR0OfuI0c7IpQxC+M/uoc9BRDl2Fm0Q3bW0w=="
    },
    "node_modules/web-worker": {
      "version": "1.2.0",
      "resolved": "https://registry.npmjs.org/web-worker/-/web-worker-1.2.0.tgz",
      "integrity": "sha512-PgF341avzqyx60neE9DD+XS26MMNMoUQRz9NOZwW32nPQrF6p77f1htcnjBSEV8BGMKZ16choqUG4hyI0Hx7mA=="
    }
  },
  "dependencies": {
    "litegraph.js": {
      "version": "0.7.14",
      "resolved": "https://registry.npmjs.org/litegraph.js/-/litegraph.js-0.7.14.tgz",
      "integrity": "sha512-xVC0a/D3uLZkpdV/HxyrruDIWM0vMOoIhgaUQXYymQ8pKgbeQZKR0OfuI0c7IpQxC+M/uoc9BRDl2Fm0Q3bW0w=="
    },
    "web-worker": {
      "version": "1.2.0",
      "resolved": "https://registry.npmjs.org/web-worker/-/web-worker-1.2.0.tgz",
      "integrity": "sha512-PgF341avzqyx60neE9DD+XS26MMNMoUQRz9NOZwW32nPQrF6p77f1htcnjBSEV8BGMKZ16choqUG4hyI0Hx7mA=="
    }
  }
}
