{
    "name": "graphscript-services",
    "version": "0.2.131",
    "lockfileVersion": 2,
    "requires": true,
    "packages": {
        "": {
            "name": "graphscript-services",
            "version": "0.2.131",
            "license": "AGPL-3.0-or-later",
            "dependencies": {
                "brainsatplay-math": "~0.0.25",
                "browserfs": "~1.4.3",
                "gpujsutils": "~1.0.12",
                "web-worker": "~1.2.0",
                "webgl-plot-utils": "~0.3.20"
            },
            "devDependencies": {
                "@types/node": "~18.7.15"
            }
        },
        "../../../../AppData/Roaming/npm/node_modules/tinybuild": {
            "version": "0.3.181",
            "extraneous": true,
            "license": "AGPL-3.0-or-later",
            "dependencies": {
                "chokidar": "~3.5.3",
                "esbuild": "~0.14.49",
                "ws": "^8.5.0"
            },
            "bin": {
                "tinybuild": "tinybuild/bin/global.js"
            },
            "peerDependencies": {
                "typescript": "~4.6.4"
            }
        },
        "node_modules/@types/node": {
            "version": "18.7.15",
            "resolved": "https://registry.npmjs.org/@types/node/-/node-18.7.15.tgz",
            "integrity": "sha512-XnjpaI8Bgc3eBag2Aw4t2Uj/49lLBSStHWfqKvIuXD7FIrZyMLWp8KuAFHAqxMZYTF9l08N1ctUn9YNybZJVmQ==",
            "dev": true
        },
        "node_modules/async": {
            "version": "2.6.4",
            "resolved": "https://registry.npmjs.org/async/-/async-2.6.4.tgz",
            "integrity": "sha512-mzo5dfJYwAn29PeiJ0zvwTo04zj8HDJj0Mn8TD7sno7q12prdbnasKJHhkm2c1LgrhlJ0teaea8860oxi51mGA==",
            "dependencies": {
                "lodash": "^4.17.14"
            }
        },
        "node_modules/brainsatplay-math": {
            "version": "0.0.25",
            "resolved": "https://registry.npmjs.org/brainsatplay-math/-/brainsatplay-math-0.0.25.tgz",
            "integrity": "sha512-J2s+/4osnjVVqqKVwuCuYbr9eGhXF4eFsGq/ImPIHICx0+1hJHoUN1XVCyiC8rOM7Nf0/8mmtVknzEeayVc7sQ=="
        },
        "node_modules/browserfs": {
            "version": "1.4.3",
            "resolved": "https://registry.npmjs.org/browserfs/-/browserfs-1.4.3.tgz",
            "integrity": "sha512-tz8HClVrzTJshcyIu8frE15cjqjcBIu15Bezxsvl/i+6f59iNCN3kznlWjz0FEb3DlnDx3gW5szxeT6D1x0s0w==",
            "dependencies": {
                "async": "^2.1.4",
                "pako": "^1.0.4"
            },
            "bin": {
                "make_xhrfs_index": "dist/scripts/make_xhrfs_index.js"
            },
            "engines": {
                "node": ">= 0.10"
            }
        },
        "node_modules/gpujsutils": {
            "version": "1.0.12",
            "resolved": "https://registry.npmjs.org/gpujsutils/-/gpujsutils-1.0.12.tgz",
            "integrity": "sha512-Zu6k59yavNqprmGGlrZT7fEVVex1Y5MWH/Eq7N5Mx8FrYRotmhtf2H4lAtlX9kR+TxffW51JUruJXnFOEvUg4Q=="
        },
        "node_modules/lodash": {
            "version": "4.17.21",
            "resolved": "https://registry.npmjs.org/lodash/-/lodash-4.17.21.tgz",
            "integrity": "sha512-v2kDEe57lecTulaDIuNTPy3Ry4gLGJ6Z1O3vE1krgXZNrsQ+LFTGHVxVjcXPs17LhbZVGedAJv8XZ1tvj5FvSg=="
        },
        "node_modules/pako": {
            "version": "1.0.11",
            "resolved": "https://registry.npmjs.org/pako/-/pako-1.0.11.tgz",
            "integrity": "sha512-4hLB8Py4zZce5s4yd9XzopqwVv/yGNhV1Bl8NTmCq1763HeK2+EwVTv+leGeL13Dnh2wfbqowVPXCIO0z4taYw=="
        },
        "node_modules/web-worker": {
            "version": "1.2.0",
            "resolved": "https://registry.npmjs.org/web-worker/-/web-worker-1.2.0.tgz",
            "integrity": "sha512-PgF341avzqyx60neE9DD+XS26MMNMoUQRz9NOZwW32nPQrF6p77f1htcnjBSEV8BGMKZ16choqUG4hyI0Hx7mA=="
        },
        "node_modules/webgl-plot": {
            "version": "0.7.0",
            "resolved": "https://registry.npmjs.org/webgl-plot/-/webgl-plot-0.7.0.tgz",
            "integrity": "sha512-/prs3XMFKlXcov3qvx3LxqMws0Dg68kmmHmO82Qm6FFGpeKME7c3nuVqSe9CG47BvG9mGVPxDMjRc0DP/jTc2A=="
        },
        "node_modules/webgl-plot-utils": {
            "version": "0.3.20",
            "resolved": "https://registry.npmjs.org/webgl-plot-utils/-/webgl-plot-utils-0.3.20.tgz",
            "integrity": "sha512-EaS6S/SJC5D26EAJzbDyD4/3vNRFFGTTGC0+90qoanCLsiS9ezt+UNhIEUXXeGlVYSCF2YMrkSpJy2qInI+NlA==",
            "dependencies": {
                "webgl-plot": "~0.7.0"
            }
        }
    },
    "dependencies": {
        "@types/node": {
            "version": "18.7.15",
            "resolved": "https://registry.npmjs.org/@types/node/-/node-18.7.15.tgz",
            "integrity": "sha512-XnjpaI8Bgc3eBag2Aw4t2Uj/49lLBSStHWfqKvIuXD7FIrZyMLWp8KuAFHAqxMZYTF9l08N1ctUn9YNybZJVmQ==",
            "dev": true
        },
        "async": {
            "version": "2.6.4",
            "resolved": "https://registry.npmjs.org/async/-/async-2.6.4.tgz",
            "integrity": "sha512-mzo5dfJYwAn29PeiJ0zvwTo04zj8HDJj0Mn8TD7sno7q12prdbnasKJHhkm2c1LgrhlJ0teaea8860oxi51mGA==",
            "requires": {
                "lodash": "^4.17.14"
            }
        },
        "brainsatplay-math": {
            "version": "0.0.25",
            "resolved": "https://registry.npmjs.org/brainsatplay-math/-/brainsatplay-math-0.0.25.tgz",
            "integrity": "sha512-J2s+/4osnjVVqqKVwuCuYbr9eGhXF4eFsGq/ImPIHICx0+1hJHoUN1XVCyiC8rOM7Nf0/8mmtVknzEeayVc7sQ=="
        },
        "browserfs": {
            "version": "1.4.3",
            "resolved": "https://registry.npmjs.org/browserfs/-/browserfs-1.4.3.tgz",
            "integrity": "sha512-tz8HClVrzTJshcyIu8frE15cjqjcBIu15Bezxsvl/i+6f59iNCN3kznlWjz0FEb3DlnDx3gW5szxeT6D1x0s0w==",
            "requires": {
                "async": "^2.1.4",
                "pako": "^1.0.4"
            }
        },
        "gpujsutils": {
            "version": "1.0.12",
            "resolved": "https://registry.npmjs.org/gpujsutils/-/gpujsutils-1.0.12.tgz",
            "integrity": "sha512-Zu6k59yavNqprmGGlrZT7fEVVex1Y5MWH/Eq7N5Mx8FrYRotmhtf2H4lAtlX9kR+TxffW51JUruJXnFOEvUg4Q=="
        },
        "lodash": {
            "version": "4.17.21",
            "resolved": "https://registry.npmjs.org/lodash/-/lodash-4.17.21.tgz",
            "integrity": "sha512-v2kDEe57lecTulaDIuNTPy3Ry4gLGJ6Z1O3vE1krgXZNrsQ+LFTGHVxVjcXPs17LhbZVGedAJv8XZ1tvj5FvSg=="
        },
        "pako": {
            "version": "1.0.11",
            "resolved": "https://registry.npmjs.org/pako/-/pako-1.0.11.tgz",
            "integrity": "sha512-4hLB8Py4zZce5s4yd9XzopqwVv/yGNhV1Bl8NTmCq1763HeK2+EwVTv+leGeL13Dnh2wfbqowVPXCIO0z4taYw=="
        },
        "web-worker": {
            "version": "1.2.0",
            "resolved": "https://registry.npmjs.org/web-worker/-/web-worker-1.2.0.tgz",
            "integrity": "sha512-PgF341avzqyx60neE9DD+XS26MMNMoUQRz9NOZwW32nPQrF6p77f1htcnjBSEV8BGMKZ16choqUG4hyI0Hx7mA=="
        },
        "webgl-plot": {
            "version": "0.7.0",
            "resolved": "https://registry.npmjs.org/webgl-plot/-/webgl-plot-0.7.0.tgz",
            "integrity": "sha512-/prs3XMFKlXcov3qvx3LxqMws0Dg68kmmHmO82Qm6FFGpeKME7c3nuVqSe9CG47BvG9mGVPxDMjRc0DP/jTc2A=="
        },
        "webgl-plot-utils": {
            "version": "0.3.20",
            "resolved": "https://registry.npmjs.org/webgl-plot-utils/-/webgl-plot-utils-0.3.20.tgz",
            "integrity": "sha512-EaS6S/SJC5D26EAJzbDyD4/3vNRFFGTTGC0+90qoanCLsiS9ezt+UNhIEUXXeGlVYSCF2YMrkSpJy2qInI+NlA==",
            "requires": {
                "webgl-plot": "~0.7.0"
            }
        }
    }
}
