{
    "name": "graphscript-services",
    "version": "0.3.1",
    "lockfileVersion": 2,
    "requires": true,
    "packages": {
        "": {
            "name": "graphscript-services",
            "version": "0.3.1",
            "license": "LGPL-3.0-or-later",
            "dependencies": {
                "brainsatplay-math": "~0.1.0",
                "browserfs": "~1.4.3",
                "gpujsutils": "~1.0.15",
                "web-worker": "~1.2.0",
                "webgl-plot-utils": "~0.4.2"
            },
            "devDependencies": {
                "@types/node": "~18.7.15"
            }
        },
        "../../../../AppData/Roaming/npm/node_modules/tinybuild": {
            "version": "0.3.181",
            "extraneous": true,
            "license": "LGPL-3.0-or-later",
            "dependencies": {
                "chokidar": "~3.5.3",
                "esbuild": "~0.14.49",
                "ws": "^8.5.0"
            },
            "bin": {
                "tinybuild": "tinybuild/bin/global.js"
            },
            "peerDependencies": {
                "typescript": "~4.6.4"
            }
        },
        "node_modules/@types/node": {
            "version": "18.7.15",
            "resolved": "https://registry.npmjs.org/@types/node/-/node-18.7.15.tgz",
            "integrity": "sha512-XnjpaI8Bgc3eBag2Aw4t2Uj/49lLBSStHWfqKvIuXD7FIrZyMLWp8KuAFHAqxMZYTF9l08N1ctUn9YNybZJVmQ==",
            "dev": true
        },
        "node_modules/async": {
            "version": "2.6.4",
            "resolved": "https://registry.npmjs.org/async/-/async-2.6.4.tgz",
            "integrity": "sha512-mzo5dfJYwAn29PeiJ0zvwTo04zj8HDJj0Mn8TD7sno7q12prdbnasKJHhkm2c1LgrhlJ0teaea8860oxi51mGA==",
            "dependencies": {
                "lodash": "^4.17.14"
            }
        },
        "node_modules/brainsatplay-math": {
            "version": "0.1.0",
            "resolved": "https://registry.npmjs.org/brainsatplay-math/-/brainsatplay-math-0.1.0.tgz",
            "integrity": "sha512-V95piSmlNtqf6vYXrhg/wu/IuTSQnM1jj5LXKHh68zVGYV9x2EEiR4TqcRMw3URbRHzME4DHkWNXJ1l2vwDhYg=="
        },
        "node_modules/browserfs": {
            "version": "1.4.3",
            "resolved": "https://registry.npmjs.org/browserfs/-/browserfs-1.4.3.tgz",
            "integrity": "sha512-tz8HClVrzTJshcyIu8frE15cjqjcBIu15Bezxsvl/i+6f59iNCN3kznlWjz0FEb3DlnDx3gW5szxeT6D1x0s0w==",
            "dependencies": {
                "async": "^2.1.4",
                "pako": "^1.0.4"
            },
            "bin": {
                "make_xhrfs_index": "dist/scripts/make_xhrfs_index.js"
            },
            "engines": {
                "node": ">= 0.10"
            }
        },
        "node_modules/gpujsutils": {
            "version": "1.0.15",
            "resolved": "https://registry.npmjs.org/gpujsutils/-/gpujsutils-1.0.15.tgz",
            "integrity": "sha512-V6AevSRCmAPm7+Y8Wl+aqP1Q4+6iJQbFDImsdQkX082ZWgBvN/ALK8uY8bhHqceWUzgsW6aVDZG/pdrDaPKHlA=="
        },
        "node_modules/lodash": {
            "version": "4.17.21",
            "resolved": "https://registry.npmjs.org/lodash/-/lodash-4.17.21.tgz",
            "integrity": "sha512-v2kDEe57lecTulaDIuNTPy3Ry4gLGJ6Z1O3vE1krgXZNrsQ+LFTGHVxVjcXPs17LhbZVGedAJv8XZ1tvj5FvSg=="
        },
        "node_modules/pako": {
            "version": "1.0.11",
            "resolved": "https://registry.npmjs.org/pako/-/pako-1.0.11.tgz",
            "integrity": "sha512-4hLB8Py4zZce5s4yd9XzopqwVv/yGNhV1Bl8NTmCq1763HeK2+EwVTv+leGeL13Dnh2wfbqowVPXCIO0z4taYw=="
        },
        "node_modules/web-worker": {
            "version": "1.2.0",
            "resolved": "https://registry.npmjs.org/web-worker/-/web-worker-1.2.0.tgz",
            "integrity": "sha512-PgF341avzqyx60neE9DD+XS26MMNMoUQRz9NOZwW32nPQrF6p77f1htcnjBSEV8BGMKZ16choqUG4hyI0Hx7mA=="
        },
        "node_modules/webgl-plot": {
            "version": "0.7.1",
            "resolved": "https://registry.npmjs.org/webgl-plot/-/webgl-plot-0.7.1.tgz",
            "integrity": "sha512-CSLgEj+Xerd+SZoBpIWMiHk/AhoPb8ZokqmTGPaGOra0++9e5LsiAWIuUWGunOHjllvKAhSKPg7yG4+kiHifew=="
        },
        "node_modules/webgl-plot-utils": {
            "version": "0.4.2",
            "resolved": "https://registry.npmjs.org/webgl-plot-utils/-/webgl-plot-utils-0.4.2.tgz",
            "integrity": "sha512-mS4vI7O7lPNZLvd3iLIpaYAsD+kr//zvfTvGsOYRTJ4JZ/b6/ybxMELFDbtw0j1w3UWInU872ogUEnniTpGDzQ==",
            "dependencies": {
                "webgl-plot": "~0.7.1"
            }
        }
    },
    "dependencies": {
        "@types/node": {
            "version": "18.7.15",
            "resolved": "https://registry.npmjs.org/@types/node/-/node-18.7.15.tgz",
            "integrity": "sha512-XnjpaI8Bgc3eBag2Aw4t2Uj/49lLBSStHWfqKvIuXD7FIrZyMLWp8KuAFHAqxMZYTF9l08N1ctUn9YNybZJVmQ==",
            "dev": true
        },
        "async": {
            "version": "2.6.4",
            "resolved": "https://registry.npmjs.org/async/-/async-2.6.4.tgz",
            "integrity": "sha512-mzo5dfJYwAn29PeiJ0zvwTo04zj8HDJj0Mn8TD7sno7q12prdbnasKJHhkm2c1LgrhlJ0teaea8860oxi51mGA==",
            "requires": {
                "lodash": "^4.17.14"
            }
        },
        "brainsatplay-math": {
            "version": "0.1.0",
            "resolved": "https://registry.npmjs.org/brainsatplay-math/-/brainsatplay-math-0.1.0.tgz",
            "integrity": "sha512-V95piSmlNtqf6vYXrhg/wu/IuTSQnM1jj5LXKHh68zVGYV9x2EEiR4TqcRMw3URbRHzME4DHkWNXJ1l2vwDhYg=="
        },
        "browserfs": {
            "version": "1.4.3",
            "resolved": "https://registry.npmjs.org/browserfs/-/browserfs-1.4.3.tgz",
            "integrity": "sha512-tz8HClVrzTJshcyIu8frE15cjqjcBIu15Bezxsvl/i+6f59iNCN3kznlWjz0FEb3DlnDx3gW5szxeT6D1x0s0w==",
            "requires": {
                "async": "^2.1.4",
                "pako": "^1.0.4"
            }
        },
        "gpujsutils": {
            "version": "1.0.15",
            "resolved": "https://registry.npmjs.org/gpujsutils/-/gpujsutils-1.0.15.tgz",
            "integrity": "sha512-V6AevSRCmAPm7+Y8Wl+aqP1Q4+6iJQbFDImsdQkX082ZWgBvN/ALK8uY8bhHqceWUzgsW6aVDZG/pdrDaPKHlA=="
        },
        "lodash": {
            "version": "4.17.21",
            "resolved": "https://registry.npmjs.org/lodash/-/lodash-4.17.21.tgz",
            "integrity": "sha512-v2kDEe57lecTulaDIuNTPy3Ry4gLGJ6Z1O3vE1krgXZNrsQ+LFTGHVxVjcXPs17LhbZVGedAJv8XZ1tvj5FvSg=="
        },
        "pako": {
            "version": "1.0.11",
            "resolved": "https://registry.npmjs.org/pako/-/pako-1.0.11.tgz",
            "integrity": "sha512-4hLB8Py4zZce5s4yd9XzopqwVv/yGNhV1Bl8NTmCq1763HeK2+EwVTv+leGeL13Dnh2wfbqowVPXCIO0z4taYw=="
        },
        "web-worker": {
            "version": "1.2.0",
            "resolved": "https://registry.npmjs.org/web-worker/-/web-worker-1.2.0.tgz",
            "integrity": "sha512-PgF341avzqyx60neE9DD+XS26MMNMoUQRz9NOZwW32nPQrF6p77f1htcnjBSEV8BGMKZ16choqUG4hyI0Hx7mA=="
        },
        "webgl-plot": {
            "version": "0.7.1",
            "resolved": "https://registry.npmjs.org/webgl-plot/-/webgl-plot-0.7.1.tgz",
            "integrity": "sha512-CSLgEj+Xerd+SZoBpIWMiHk/AhoPb8ZokqmTGPaGOra0++9e5LsiAWIuUWGunOHjllvKAhSKPg7yG4+kiHifew=="
        },
        "webgl-plot-utils": {
            "version": "0.4.2",
            "resolved": "https://registry.npmjs.org/webgl-plot-utils/-/webgl-plot-utils-0.4.2.tgz",
            "integrity": "sha512-mS4vI7O7lPNZLvd3iLIpaYAsD+kr//zvfTvGsOYRTJ4JZ/b6/ybxMELFDbtw0j1w3UWInU872ogUEnniTpGDzQ==",
            "requires": {
                "webgl-plot": "~0.7.1"
            }
        }
    }
}
