# THIS IS AN AUTOGENERATED FILE. DO NOT EDIT THIS FILE DIRECTLY.
# yarn lockfile v1


"better-sse@~0.8.0":
  "integrity" "sha512-ymOse8R0L+R2S1W85yOGkkc+yTzAmo52S4erjxPyBVwpqjpS+X228BG7hDwgKsGV/D51YhCYd+eaDwJ+sL5JhA=="
  "resolved" "https://registry.npmjs.org/better-sse/-/better-sse-0.8.0.tgz"
  "version" "0.8.0"

"brainsatplay-math@~0.0.25":
  "integrity" "sha512-J2s+/4osnjVVqqKVwuCuYbr9eGhXF4eFsGq/ImPIHICx0+1hJHoUN1XVCyiC8rOM7Nf0/8mmtVknzEeayVc7sQ=="
  "resolved" "https://registry.npmjs.org/brainsatplay-math/-/brainsatplay-math-0.0.25.tgz"
  "version" "0.0.25"

"bson-objectid@~2.0.3":
  "integrity" "sha512-WYwVtY9yqk179EPMNuF3vcxufdrGLEo2XwqdRVbfLVe9X6jLt7WKZQgP+ObOcprakBGbHxzl76tgTaieqsH29g=="
  "resolved" "https://registry.npmjs.org/bson-objectid/-/bson-objectid-2.0.3.tgz"
  "version" "2.0.3"

"graphscript@~0.1.47":
  "integrity" "sha512-U3JFGAd52bwe96DBrU3YxYT54ofJ1uDwG2zY1QG0Nti/dh13HeNrZy5bxPkjGYprjw785ub8OeJMflaBMxzYLg=="
  "resolved" "https://registry.npmjs.org/graphscript/-/graphscript-0.1.50.tgz"
  "version" "0.1.50"
  dependencies:
    "better-sse" "~0.8.0"
    "brainsatplay-math" "~0.0.25"
    "bson-objectid" "~2.0.3"
    "web-worker" "~1.2.0"
    "ws" "~8.9.0"

"tinybuild@file:../../../../../AppData/Roaming/npm/node_modules/tinybuild":
  "resolved" "file:../../../../../AppData/Roaming/npm/node_modules/tinybuild"
  "version" "0.3.190"
  dependencies:
    "chokidar" "~3.5.3"
    "esbuild" "~0.14.49"
    "ws" "^8.5.0"

"web-worker@~1.2.0":
  "integrity" "sha512-PgF341avzqyx60neE9DD+XS26MMNMoUQRz9NOZwW32nPQrF6p77f1htcnjBSEV8BGMKZ16choqUG4hyI0Hx7mA=="
  "resolved" "https://registry.npmjs.org/web-worker/-/web-worker-1.2.0.tgz"
  "version" "1.2.0"

"ws@~8.9.0":
  "integrity" "sha512-Ja7nszREasGaYUYCI2k4lCKIRTt+y7XuqVoHR44YpI49TtryyqbqvDMn5eqfW7e6HzTukDRIsXqzVHScqRcafg=="
  "resolved" "https://registry.npmjs.org/ws/-/ws-8.9.0.tgz"
  "version" "8.9.0"
