{
    "name": "core_backend",
    "version": "0.0.0",
    "lockfileVersion": 2,
    "requires": true,
    "packages": {
        "": {
            "name": "core_backend",
            "version": "0.0.0",
            "license": "AGPL-3.0-or-later",
            "dependencies": {
                "better-sse": "^0.7.1"
            }
        },
        "../../../../../../AppData/Roaming/npm/node_modules/tinybuild": {
            "version": "0.3.172",
            "extraneous": true,
            "license": "AGPL-3.0-or-later",
            "dependencies": {
                "chokidar": "~3.5.3",
                "esbuild": "~0.14.49",
                "ws": "^8.5.0"
            },
            "bin": {
                "tinybuild": "tinybuild/bin/global.js"
            },
            "peerDependencies": {
                "typescript": "~4.6.4"
            }
        },
        "node_modules/better-sse": {
            "version": "0.7.1",
            "license": "MIT",
            "engines": {
                "node": ">=12",
                "pnpm": ">=6"
            }
        }
    },
    "dependencies": {
        "better-sse": {
            "version": "0.7.1"
        }
    }
}
