{
  "name": "tinybuildapp6104",
  "version": "0.0.0",
  "lockfileVersion": 2,
  "requires": true,
  "packages": {
    "": {
      "name": "tinybuildapp6104",
      "version": "0.0.0",
      "license": "AGPL-3.0-or-later",
      "dependencies": {
        "browserfs": "^1.4.3",
        "device-decoder": "~0.2.7",
        "device-decoder.third-party": "^0.0.5",
        "graphscript": "~0.1.41",
        "howler": "~2.2.3"
      }
    },
    "node_modules/@capacitor-community/bluetooth-le": {
      "version": "2.0.0",
      "resolved": "https://registry.npmjs.org/@capacitor-community/bluetooth-le/-/bluetooth-le-2.0.0.tgz",
      "integrity": "sha512-RZKRml2aNKSDkmNuFhyzNtzIDmnf2dEemS00CxaQrtgXP4HCZOvMNyU7kUyhE2gethOMc/po/dR7IRXnUbpS4A==",
      "dependencies": {
        "@types/web-bluetooth": "^0.0.15",
        "throat": "^6.0.1"
      },
      "peerDependencies": {
        "@capacitor/core": "^4.0.0"
      }
    },
    "node_modules/@capacitor/core": {
      "version": "4.2.0",
      "resolved": "https://registry.npmjs.org/@capacitor/core/-/core-4.2.0.tgz",
      "integrity": "sha512-kHKn6693Yt9TWfuJ0Q+fyxYCpYAvVMKdu3t500seMEfdgNlF6BGaX5GbOnXkU4cnM9p+sIhRiwXv8Iqwm0E+NA==",
      "peer": true,
      "dependencies": {
        "tslib": "^2.1.0"
      }
    },
    "node_modules/@types/web-bluetooth": {
      "version": "0.0.15",
      "resolved": "https://registry.npmjs.org/@types/web-bluetooth/-/web-bluetooth-0.0.15.tgz",
      "integrity": "sha512-w7hEHXnPMEZ+4nGKl/KDRVpxkwYxYExuHOYXyzIzCDzEZ9ZCGMAewulr9IqJu2LR4N37fcnb1XVeuZ09qgOxhA=="
    },
    "node_modules/async": {
      "version": "2.6.4",
      "resolved": "https://registry.npmjs.org/async/-/async-2.6.4.tgz",
      "integrity": "sha512-mzo5dfJYwAn29PeiJ0zvwTo04zj8HDJj0Mn8TD7sno7q12prdbnasKJHhkm2c1LgrhlJ0teaea8860oxi51mGA==",
      "dependencies": {
        "lodash": "^4.17.14"
      }
    },
    "node_modules/better-sse": {
      "version": "0.8.0",
      "resolved": "https://registry.npmjs.org/better-sse/-/better-sse-0.8.0.tgz",
      "integrity": "sha512-ymOse8R0L+R2S1W85yOGkkc+yTzAmo52S4erjxPyBVwpqjpS+X228BG7hDwgKsGV/D51YhCYd+eaDwJ+sL5JhA==",
      "engines": {
        "node": ">=12",
        "pnpm": ">=6"
      }
    },
    "node_modules/brainsatplay-math": {
      "version": "0.0.23",
      "resolved": "https://registry.npmjs.org/brainsatplay-math/-/brainsatplay-math-0.0.23.tgz",
      "integrity": "sha512-zoAaKTwFsclvkvlaFaOzHMAlPBQ5hK0Q5KpwadaamWlqqSRgR9zS9NX16SI8B1GetPWaOLwySfGMeZFz1QnoBw=="
    },
    "node_modules/browserfs": {
      "version": "1.4.3",
      "resolved": "https://registry.npmjs.org/browserfs/-/browserfs-1.4.3.tgz",
      "integrity": "sha512-tz8HClVrzTJshcyIu8frE15cjqjcBIu15Bezxsvl/i+6f59iNCN3kznlWjz0FEb3DlnDx3gW5szxeT6D1x0s0w==",
      "dependencies": {
        "async": "^2.1.4",
        "pako": "^1.0.4"
      },
      "bin": {
        "make_xhrfs_index": "dist/scripts/make_xhrfs_index.js"
      },
      "engines": {
        "node": ">= 0.10"
      }
    },
    "node_modules/bson-objectid": {
      "version": "2.0.3",
      "resolved": "https://registry.npmjs.org/bson-objectid/-/bson-objectid-2.0.3.tgz",
      "integrity": "sha512-WYwVtY9yqk179EPMNuF3vcxufdrGLEo2XwqdRVbfLVe9X6jLt7WKZQgP+ObOcprakBGbHxzl76tgTaieqsH29g=="
    },
    "node_modules/device-decoder": {
      "version": "0.2.7",
      "resolved": "https://registry.npmjs.org/device-decoder/-/device-decoder-0.2.7.tgz",
      "integrity": "sha512-si7MCgIu7w6sw41eTURhclO4F4bKwmUTrTN7FxvkLeBH6k/+iEmkijHi8UcIZ1huPSj4dk8xPJiKeh2mVto9CQ==",
      "dependencies": {
        "@capacitor-community/bluetooth-le": "~2.0.0",
        "brainsatplay-math": "~0.0.23",
        "graphscript": "~0.1.41",
        "graphscript-services": "~0.1.50",
        "graphscript-services.gpu": "~0.1.53",
        "graphscript-services.storage": "~0.1.47",
        "webgl-plot-utils": "~0.2.7"
      }
    },
    "node_modules/device-decoder.third-party": {
      "version": "0.0.5",
      "resolved": "https://registry.npmjs.org/device-decoder.third-party/-/device-decoder.third-party-0.0.5.tgz",
      "integrity": "sha512-isT2oxmTqkNZr24sCVQKqzUhalaryTMd1MIR2B7SlURluEGG8fhrezVpSTgBzyJ+Z+UF4wW4E9WijiG50HtljQ==",
      "dependencies": {
        "webgl-plot-utils": "~0.2.7"
      }
    },
    "node_modules/gpujsutils": {
      "version": "1.0.12",
      "resolved": "https://registry.npmjs.org/gpujsutils/-/gpujsutils-1.0.12.tgz",
      "integrity": "sha512-Zu6k59yavNqprmGGlrZT7fEVVex1Y5MWH/Eq7N5Mx8FrYRotmhtf2H4lAtlX9kR+TxffW51JUruJXnFOEvUg4Q=="
    },
    "node_modules/graphscript": {
      "version": "0.1.41",
      "resolved": "https://registry.npmjs.org/graphscript/-/graphscript-0.1.41.tgz",
      "integrity": "sha512-ghgUJWSzmal9OcInneC4OsAfRS9wEz8+8Z98KLrgHhOyyuRFXLPRWpCJ+n3SCv7wDTtftcsutf5gn0BfSkpx1Q==",
      "dependencies": {
        "better-sse": "~0.8.0",
        "brainsatplay-math": "~0.0.23",
        "bson-objectid": "~2.0.3",
        "web-worker": "~1.2.0",
        "ws": "~8.8.1"
      }
    },
    "node_modules/graphscript-services": {
      "version": "0.1.50",
      "resolved": "https://registry.npmjs.org/graphscript-services/-/graphscript-services-0.1.50.tgz",
      "integrity": "sha512-HaQVyu1t4GMnkUeUpNEmnV/ifvu7KKilmKTwpP7oFyAK1B/IOQ5LAikwnj/rzFzgJeqdQT88TCwTWbL+a4BVGQ==",
      "dependencies": {
        "brainsatplay-math": "~0.0.23",
        "browserfs": "^1.4.3",
        "bson-objectid": "~2.0.3",
        "gpujsutils": "~1.0.12",
        "webgl-plot-utils": "~0.2.7"
      }
    },
    "node_modules/graphscript-services.gpu": {
      "version": "0.1.53",
      "resolved": "https://registry.npmjs.org/graphscript-services.gpu/-/graphscript-services.gpu-0.1.53.tgz",
      "integrity": "sha512-xOYChlDVU4KwpSByPzzCxI4FEjjoOXFZQ7atFMzEySEGDxtMidu2EuwSm/4EtdZj7OYoQILmQ5CNINRwJq3V1g==",
      "dependencies": {
        "brainsatplay-math": "~0.0.23",
        "browserfs": "^1.4.3",
        "bson-objectid": "~2.0.3",
        "gpujsutils": "~1.0.12",
        "webgl-plot-utils": "~0.2.4"
      }
    },
    "node_modules/graphscript-services.storage": {
      "version": "0.1.47",
      "resolved": "https://registry.npmjs.org/graphscript-services.storage/-/graphscript-services.storage-0.1.47.tgz",
      "integrity": "sha512-r3bFd1aIKZ/e/RUQ1y4Ft5GWXfodjEAYwYUEhAt4EvndtQTVUQ9ZaPntCdiFMvwwiO4W6hy8HXH4y5+/H62Mwg==",
      "dependencies": {
        "brainsatplay-math": "~0.0.23",
        "browserfs": "^1.4.3",
        "bson-objectid": "~2.0.3",
        "gpujsutils": "~1.0.12",
        "webgl-plot-utils": "~0.2.4"
      }
    },
    "node_modules/howler": {
      "version": "2.2.3",
      "resolved": "https://registry.npmjs.org/howler/-/howler-2.2.3.tgz",
      "integrity": "sha512-QM0FFkw0LRX1PR8pNzJVAY25JhIWvbKMBFM4gqk+QdV+kPXOhleWGCB6AiAF/goGjIHK2e/nIElplvjQwhr0jg=="
    },
    "node_modules/lodash": {
      "version": "4.17.21",
      "resolved": "https://registry.npmjs.org/lodash/-/lodash-4.17.21.tgz",
      "integrity": "sha512-v2kDEe57lecTulaDIuNTPy3Ry4gLGJ6Z1O3vE1krgXZNrsQ+LFTGHVxVjcXPs17LhbZVGedAJv8XZ1tvj5FvSg=="
    },
    "node_modules/pako": {
      "version": "1.0.11",
      "resolved": "https://registry.npmjs.org/pako/-/pako-1.0.11.tgz",
      "integrity": "sha512-4hLB8Py4zZce5s4yd9XzopqwVv/yGNhV1Bl8NTmCq1763HeK2+EwVTv+leGeL13Dnh2wfbqowVPXCIO0z4taYw=="
    },
    "node_modules/throat": {
      "version": "6.0.1",
      "resolved": "https://registry.npmjs.org/throat/-/throat-6.0.1.tgz",
      "integrity": "sha512-8hmiGIJMDlwjg7dlJ4yKGLK8EsYqKgPWbG3b4wjJddKNwc7N7Dpn08Df4szr/sZdMVeOstrdYSsqzX6BYbcB+w=="
    },
    "node_modules/tslib": {
      "version": "2.4.0",
      "resolved": "https://registry.npmjs.org/tslib/-/tslib-2.4.0.tgz",
      "integrity": "sha512-d6xOpEDfsi2CZVlPQzGeux8XMwLT9hssAsaPYExaQMuYskwb+x1x7J371tWlbBdWHroy99KnVB6qIkUbs5X3UQ==",
      "peer": true
    },
    "node_modules/web-worker": {
      "version": "1.2.0",
      "resolved": "https://registry.npmjs.org/web-worker/-/web-worker-1.2.0.tgz",
      "integrity": "sha512-PgF341avzqyx60neE9DD+XS26MMNMoUQRz9NOZwW32nPQrF6p77f1htcnjBSEV8BGMKZ16choqUG4hyI0Hx7mA=="
    },
    "node_modules/webgl-plot": {
      "version": "0.7.0",
      "resolved": "https://registry.npmjs.org/webgl-plot/-/webgl-plot-0.7.0.tgz",
      "integrity": "sha512-/prs3XMFKlXcov3qvx3LxqMws0Dg68kmmHmO82Qm6FFGpeKME7c3nuVqSe9CG47BvG9mGVPxDMjRc0DP/jTc2A=="
    },
    "node_modules/webgl-plot-utils": {
      "version": "0.2.7",
      "resolved": "https://registry.npmjs.org/webgl-plot-utils/-/webgl-plot-utils-0.2.7.tgz",
      "integrity": "sha512-Fi6QNWeBivFlDU45sT/3HmDwrdbajpYqm/8OL7tgiH5e1zamnbZt2b6LspE2vuyOBJkV3nkfik/Yfoz9W6JUPQ==",
      "dependencies": {
        "webgl-plot": "~0.7.0"
      }
    },
    "node_modules/ws": {
      "version": "8.8.1",
      "resolved": "https://registry.npmjs.org/ws/-/ws-8.8.1.tgz",
      "integrity": "sha512-bGy2JzvzkPowEJV++hF07hAD6niYSr0JzBNo/J29WsB57A2r7Wlc1UFcTR9IzrPvuNVO4B8LGqF8qcpsVOhJCA==",
      "engines": {
        "node": ">=10.0.0"
      },
      "peerDependencies": {
        "bufferutil": "^4.0.1",
        "utf-8-validate": "^5.0.2"
      },
      "peerDependenciesMeta": {
        "bufferutil": {
          "optional": true
        },
        "utf-8-validate": {
          "optional": true
        }
      }
    }
  },
  "dependencies": {
    "@capacitor-community/bluetooth-le": {
      "version": "2.0.0",
      "resolved": "https://registry.npmjs.org/@capacitor-community/bluetooth-le/-/bluetooth-le-2.0.0.tgz",
      "integrity": "sha512-RZKRml2aNKSDkmNuFhyzNtzIDmnf2dEemS00CxaQrtgXP4HCZOvMNyU7kUyhE2gethOMc/po/dR7IRXnUbpS4A==",
      "requires": {
        "@types/web-bluetooth": "^0.0.15",
        "throat": "^6.0.1"
      }
    },
    "@capacitor/core": {
      "version": "4.2.0",
      "resolved": "https://registry.npmjs.org/@capacitor/core/-/core-4.2.0.tgz",
      "integrity": "sha512-kHKn6693Yt9TWfuJ0Q+fyxYCpYAvVMKdu3t500seMEfdgNlF6BGaX5GbOnXkU4cnM9p+sIhRiwXv8Iqwm0E+NA==",
      "peer": true,
      "requires": {
        "tslib": "^2.1.0"
      }
    },
    "@types/web-bluetooth": {
      "version": "0.0.15",
      "resolved": "https://registry.npmjs.org/@types/web-bluetooth/-/web-bluetooth-0.0.15.tgz",
      "integrity": "sha512-w7hEHXnPMEZ+4nGKl/KDRVpxkwYxYExuHOYXyzIzCDzEZ9ZCGMAewulr9IqJu2LR4N37fcnb1XVeuZ09qgOxhA=="
    },
    "async": {
      "version": "2.6.4",
      "resolved": "https://registry.npmjs.org/async/-/async-2.6.4.tgz",
      "integrity": "sha512-mzo5dfJYwAn29PeiJ0zvwTo04zj8HDJj0Mn8TD7sno7q12prdbnasKJHhkm2c1LgrhlJ0teaea8860oxi51mGA==",
      "requires": {
        "lodash": "^4.17.14"
      }
    },
    "better-sse": {
      "version": "0.8.0",
      "resolved": "https://registry.npmjs.org/better-sse/-/better-sse-0.8.0.tgz",
      "integrity": "sha512-ymOse8R0L+R2S1W85yOGkkc+yTzAmo52S4erjxPyBVwpqjpS+X228BG7hDwgKsGV/D51YhCYd+eaDwJ+sL5JhA=="
    },
    "brainsatplay-math": {
      "version": "0.0.23",
      "resolved": "https://registry.npmjs.org/brainsatplay-math/-/brainsatplay-math-0.0.23.tgz",
      "integrity": "sha512-zoAaKTwFsclvkvlaFaOzHMAlPBQ5hK0Q5KpwadaamWlqqSRgR9zS9NX16SI8B1GetPWaOLwySfGMeZFz1QnoBw=="
    },
    "browserfs": {
      "version": "1.4.3",
      "resolved": "https://registry.npmjs.org/browserfs/-/browserfs-1.4.3.tgz",
      "integrity": "sha512-tz8HClVrzTJshcyIu8frE15cjqjcBIu15Bezxsvl/i+6f59iNCN3kznlWjz0FEb3DlnDx3gW5szxeT6D1x0s0w==",
      "requires": {
        "async": "^2.1.4",
        "pako": "^1.0.4"
      }
    },
    "bson-objectid": {
      "version": "2.0.3",
      "resolved": "https://registry.npmjs.org/bson-objectid/-/bson-objectid-2.0.3.tgz",
      "integrity": "sha512-WYwVtY9yqk179EPMNuF3vcxufdrGLEo2XwqdRVbfLVe9X6jLt7WKZQgP+ObOcprakBGbHxzl76tgTaieqsH29g=="
    },
    "device-decoder": {
      "version": "0.2.7",
      "resolved": "https://registry.npmjs.org/device-decoder/-/device-decoder-0.2.7.tgz",
      "integrity": "sha512-si7MCgIu7w6sw41eTURhclO4F4bKwmUTrTN7FxvkLeBH6k/+iEmkijHi8UcIZ1huPSj4dk8xPJiKeh2mVto9CQ==",
      "requires": {
        "@capacitor-community/bluetooth-le": "~2.0.0",
        "brainsatplay-math": "~0.0.23",
        "graphscript": "~0.1.41",
        "graphscript-services": "~0.1.50",
        "graphscript-services.gpu": "~0.1.53",
        "graphscript-services.storage": "~0.1.47",
        "webgl-plot-utils": "~0.2.7"
      }
    },
    "device-decoder.third-party": {
      "version": "0.0.5",
      "resolved": "https://registry.npmjs.org/device-decoder.third-party/-/device-decoder.third-party-0.0.5.tgz",
      "integrity": "sha512-isT2oxmTqkNZr24sCVQKqzUhalaryTMd1MIR2B7SlURluEGG8fhrezVpSTgBzyJ+Z+UF4wW4E9WijiG50HtljQ==",
      "requires": {
        "webgl-plot-utils": "~0.2.7"
      }
    },
    "gpujsutils": {
      "version": "1.0.12",
      "resolved": "https://registry.npmjs.org/gpujsutils/-/gpujsutils-1.0.12.tgz",
      "integrity": "sha512-Zu6k59yavNqprmGGlrZT7fEVVex1Y5MWH/Eq7N5Mx8FrYRotmhtf2H4lAtlX9kR+TxffW51JUruJXnFOEvUg4Q=="
    },
    "graphscript": {
      "version": "0.1.41",
      "resolved": "https://registry.npmjs.org/graphscript/-/graphscript-0.1.41.tgz",
      "integrity": "sha512-ghgUJWSzmal9OcInneC4OsAfRS9wEz8+8Z98KLrgHhOyyuRFXLPRWpCJ+n3SCv7wDTtftcsutf5gn0BfSkpx1Q==",
      "requires": {
        "better-sse": "~0.8.0",
        "brainsatplay-math": "~0.0.23",
        "bson-objectid": "~2.0.3",
        "web-worker": "~1.2.0",
        "ws": "~8.8.1"
      }
    },
    "graphscript-services": {
      "version": "0.1.50",
      "resolved": "https://registry.npmjs.org/graphscript-services/-/graphscript-services-0.1.50.tgz",
      "integrity": "sha512-HaQVyu1t4GMnkUeUpNEmnV/ifvu7KKilmKTwpP7oFyAK1B/IOQ5LAikwnj/rzFzgJeqdQT88TCwTWbL+a4BVGQ==",
      "requires": {
        "brainsatplay-math": "~0.0.23",
        "browserfs": "^1.4.3",
        "bson-objectid": "~2.0.3",
        "gpujsutils": "~1.0.12",
        "webgl-plot-utils": "~0.2.7"
      }
    },
    "graphscript-services.gpu": {
      "version": "0.1.53",
      "resolved": "https://registry.npmjs.org/graphscript-services.gpu/-/graphscript-services.gpu-0.1.53.tgz",
      "integrity": "sha512-xOYChlDVU4KwpSByPzzCxI4FEjjoOXFZQ7atFMzEySEGDxtMidu2EuwSm/4EtdZj7OYoQILmQ5CNINRwJq3V1g==",
      "requires": {
        "brainsatplay-math": "~0.0.23",
        "browserfs": "^1.4.3",
        "bson-objectid": "~2.0.3",
        "gpujsutils": "~1.0.12",
        "webgl-plot-utils": "~0.2.4"
      }
    },
    "graphscript-services.storage": {
      "version": "0.1.47",
      "resolved": "https://registry.npmjs.org/graphscript-services.storage/-/graphscript-services.storage-0.1.47.tgz",
      "integrity": "sha512-r3bFd1aIKZ/e/RUQ1y4Ft5GWXfodjEAYwYUEhAt4EvndtQTVUQ9ZaPntCdiFMvwwiO4W6hy8HXH4y5+/H62Mwg==",
      "requires": {
        "brainsatplay-math": "~0.0.23",
        "browserfs": "^1.4.3",
        "bson-objectid": "~2.0.3",
        "gpujsutils": "~1.0.12",
        "webgl-plot-utils": "~0.2.4"
      }
    },
    "howler": {
      "version": "2.2.3",
      "resolved": "https://registry.npmjs.org/howler/-/howler-2.2.3.tgz",
      "integrity": "sha512-QM0FFkw0LRX1PR8pNzJVAY25JhIWvbKMBFM4gqk+QdV+kPXOhleWGCB6AiAF/goGjIHK2e/nIElplvjQwhr0jg=="
    },
    "lodash": {
      "version": "4.17.21",
      "resolved": "https://registry.npmjs.org/lodash/-/lodash-4.17.21.tgz",
      "integrity": "sha512-v2kDEe57lecTulaDIuNTPy3Ry4gLGJ6Z1O3vE1krgXZNrsQ+LFTGHVxVjcXPs17LhbZVGedAJv8XZ1tvj5FvSg=="
    },
    "pako": {
      "version": "1.0.11",
      "resolved": "https://registry.npmjs.org/pako/-/pako-1.0.11.tgz",
      "integrity": "sha512-4hLB8Py4zZce5s4yd9XzopqwVv/yGNhV1Bl8NTmCq1763HeK2+EwVTv+leGeL13Dnh2wfbqowVPXCIO0z4taYw=="
    },
    "throat": {
      "version": "6.0.1",
      "resolved": "https://registry.npmjs.org/throat/-/throat-6.0.1.tgz",
      "integrity": "sha512-8hmiGIJMDlwjg7dlJ4yKGLK8EsYqKgPWbG3b4wjJddKNwc7N7Dpn08Df4szr/sZdMVeOstrdYSsqzX6BYbcB+w=="
    },
    "tslib": {
      "version": "2.4.0",
      "resolved": "https://registry.npmjs.org/tslib/-/tslib-2.4.0.tgz",
      "integrity": "sha512-d6xOpEDfsi2CZVlPQzGeux8XMwLT9hssAsaPYExaQMuYskwb+x1x7J371tWlbBdWHroy99KnVB6qIkUbs5X3UQ==",
      "peer": true
    },
    "web-worker": {
      "version": "1.2.0",
      "resolved": "https://registry.npmjs.org/web-worker/-/web-worker-1.2.0.tgz",
      "integrity": "sha512-PgF341avzqyx60neE9DD+XS26MMNMoUQRz9NOZwW32nPQrF6p77f1htcnjBSEV8BGMKZ16choqUG4hyI0Hx7mA=="
    },
    "webgl-plot": {
      "version": "0.7.0",
      "resolved": "https://registry.npmjs.org/webgl-plot/-/webgl-plot-0.7.0.tgz",
      "integrity": "sha512-/prs3XMFKlXcov3qvx3LxqMws0Dg68kmmHmO82Qm6FFGpeKME7c3nuVqSe9CG47BvG9mGVPxDMjRc0DP/jTc2A=="
    },
    "webgl-plot-utils": {
      "version": "0.2.7",
      "resolved": "https://registry.npmjs.org/webgl-plot-utils/-/webgl-plot-utils-0.2.7.tgz",
      "integrity": "sha512-Fi6QNWeBivFlDU45sT/3HmDwrdbajpYqm/8OL7tgiH5e1zamnbZt2b6LspE2vuyOBJkV3nkfik/Yfoz9W6JUPQ==",
      "requires": {
        "webgl-plot": "~0.7.0"
      }
    },
    "ws": {
      "version": "8.8.1",
      "resolved": "https://registry.npmjs.org/ws/-/ws-8.8.1.tgz",
      "integrity": "sha512-bGy2JzvzkPowEJV++hF07hAD6niYSr0JzBNo/J29WsB57A2r7Wlc1UFcTR9IzrPvuNVO4B8LGqF8qcpsVOhJCA==",
      "requires": {}
    }
  }
}
