# THIS IS AN AUTOGENERATED FILE. DO NOT EDIT THIS FILE DIRECTLY.
# yarn lockfile v1


"@capacitor-community/bluetooth-le@~2.0.0":
  "integrity" "sha512-RZKRml2aNKSDkmNuFhyzNtzIDmnf2dEemS00CxaQrtgXP4HCZOvMNyU7kUyhE2gethOMc/po/dR7IRXnUbpS4A=="
  "resolved" "https://registry.npmjs.org/@capacitor-community/bluetooth-le/-/bluetooth-le-2.0.0.tgz"
  "version" "2.0.0"
  dependencies:
    "@types/web-bluetooth" "^0.0.15"
    "throat" "^6.0.1"

"@capacitor/core@^4.0.0":
  "integrity" "sha512-kHKn6693Yt9TWfuJ0Q+fyxYCpYAvVMKdu3t500seMEfdgNlF6BGaX5GbOnXkU4cnM9p+sIhRiwXv8Iqwm0E+NA=="
  "resolved" "https://registry.npmjs.org/@capacitor/core/-/core-4.2.0.tgz"
  "version" "4.2.0"
  dependencies:
    "tslib" "^2.1.0"

"@types/web-bluetooth@^0.0.15":
  "integrity" "sha512-w7hEHXnPMEZ+4nGKl/KDRVpxkwYxYExuHOYXyzIzCDzEZ9ZCGMAewulr9IqJu2LR4N37fcnb1XVeuZ09qgOxhA=="
  "resolved" "https://registry.npmjs.org/@types/web-bluetooth/-/web-bluetooth-0.0.15.tgz"
  "version" "0.0.15"

"async@^2.1.4":
  "integrity" "sha512-mzo5dfJYwAn29PeiJ0zvwTo04zj8HDJj0Mn8TD7sno7q12prdbnasKJHhkm2c1LgrhlJ0teaea8860oxi51mGA=="
  "resolved" "https://registry.npmjs.org/async/-/async-2.6.4.tgz"
  "version" "2.6.4"
  dependencies:
    "lodash" "^4.17.14"

"better-sse@~0.8.0":
  "integrity" "sha512-ymOse8R0L+R2S1W85yOGkkc+yTzAmo52S4erjxPyBVwpqjpS+X228BG7hDwgKsGV/D51YhCYd+eaDwJ+sL5JhA=="
  "resolved" "https://registry.npmjs.org/better-sse/-/better-sse-0.8.0.tgz"
  "version" "0.8.0"

"brainsatplay-math@~0.0.23":
  "integrity" "sha512-zoAaKTwFsclvkvlaFaOzHMAlPBQ5hK0Q5KpwadaamWlqqSRgR9zS9NX16SI8B1GetPWaOLwySfGMeZFz1QnoBw=="
  "resolved" "https://registry.npmjs.org/brainsatplay-math/-/brainsatplay-math-0.0.23.tgz"
  "version" "0.0.23"

"browserfs@^1.4.3":
  "integrity" "sha512-tz8HClVrzTJshcyIu8frE15cjqjcBIu15Bezxsvl/i+6f59iNCN3kznlWjz0FEb3DlnDx3gW5szxeT6D1x0s0w=="
  "resolved" "https://registry.npmjs.org/browserfs/-/browserfs-1.4.3.tgz"
  "version" "1.4.3"
  dependencies:
    "async" "^2.1.4"
    "pako" "^1.0.4"

"bson-objectid@~2.0.3":
  "integrity" "sha512-WYwVtY9yqk179EPMNuF3vcxufdrGLEo2XwqdRVbfLVe9X6jLt7WKZQgP+ObOcprakBGbHxzl76tgTaieqsH29g=="
  "resolved" "https://registry.npmjs.org/bson-objectid/-/bson-objectid-2.0.3.tgz"
  "version" "2.0.3"

"device-decoder.third-party@^0.0.8":
  "integrity" "sha512-0OiSwRty9cHInhhTfF1PxaMRm2zm0fH5n2RZzL8rk5MQd46mK4IVi/x4AHTE9v4Z6g7bvpxxeHjvZCunnhiSVw=="
  "resolved" "https://registry.npmjs.org/device-decoder.third-party/-/device-decoder.third-party-0.0.8.tgz"
  "version" "0.0.8"
  dependencies:
    "webgl-plot-utils" "~0.2.7"

"device-decoder@~0.2.12":
  "integrity" "sha512-VcyHI8cOHyujZVt4IcF2EqhTkwlmFGJ3920nvSSHc/rJO/HwveQopdAdCwyBr8UUajxSoawP0Z3Tk6m7EEQS9A=="
  "resolved" "https://registry.npmjs.org/device-decoder/-/device-decoder-0.2.12.tgz"
  "version" "0.2.12"
  dependencies:
    "@capacitor-community/bluetooth-le" "~2.0.0"
    "brainsatplay-math" "~0.0.23"
    "graphscript" "~0.1.41"
    "graphscript-services" "~0.1.50"
    "graphscript-services.gpu" "~0.1.53"
    "graphscript-services.storage" "~0.1.48"
    "webgl-plot-utils" "~0.2.7"

"gpujsutils@~1.0.12":
  "integrity" "sha512-Zu6k59yavNqprmGGlrZT7fEVVex1Y5MWH/Eq7N5Mx8FrYRotmhtf2H4lAtlX9kR+TxffW51JUruJXnFOEvUg4Q=="
  "resolved" "https://registry.npmjs.org/gpujsutils/-/gpujsutils-1.0.12.tgz"
  "version" "1.0.12"

"graphscript-services.gpu@~0.1.53":
  "integrity" "sha512-xOYChlDVU4KwpSByPzzCxI4FEjjoOXFZQ7atFMzEySEGDxtMidu2EuwSm/4EtdZj7OYoQILmQ5CNINRwJq3V1g=="
  "resolved" "https://registry.npmjs.org/graphscript-services.gpu/-/graphscript-services.gpu-0.1.53.tgz"
  "version" "0.1.53"
  dependencies:
    "brainsatplay-math" "~0.0.23"
    "browserfs" "^1.4.3"
    "bson-objectid" "~2.0.3"
    "gpujsutils" "~1.0.12"
    "webgl-plot-utils" "~0.2.4"

"graphscript-services.storage@~0.1.48":
  "integrity" "sha512-5iynu4T3W9IgsRD8LKE0ukKfquRQwY9Hg9yOsQknzOuRP5Hs7C/BlMIWYSxP6nnOH0TXqR1UIrgiirbObNDv4g=="
  "resolved" "https://registry.npmjs.org/graphscript-services.storage/-/graphscript-services.storage-0.1.48.tgz"
  "version" "0.1.48"
  dependencies:
    "brainsatplay-math" "~0.0.23"
    "browserfs" "^1.4.3"
    "bson-objectid" "~2.0.3"
    "gpujsutils" "~1.0.12"
    "webgl-plot-utils" "~0.2.7"

"graphscript-services@~0.1.50":
  "integrity" "sha512-HaQVyu1t4GMnkUeUpNEmnV/ifvu7KKilmKTwpP7oFyAK1B/IOQ5LAikwnj/rzFzgJeqdQT88TCwTWbL+a4BVGQ=="
  "resolved" "https://registry.npmjs.org/graphscript-services/-/graphscript-services-0.1.50.tgz"
  "version" "0.1.50"
  dependencies:
    "brainsatplay-math" "~0.0.23"
    "browserfs" "^1.4.3"
    "bson-objectid" "~2.0.3"
    "gpujsutils" "~1.0.12"
    "webgl-plot-utils" "~0.2.7"

"graphscript@~0.1.41":
  "integrity" "sha512-ghgUJWSzmal9OcInneC4OsAfRS9wEz8+8Z98KLrgHhOyyuRFXLPRWpCJ+n3SCv7wDTtftcsutf5gn0BfSkpx1Q=="
  "resolved" "https://registry.npmjs.org/graphscript/-/graphscript-0.1.41.tgz"
  "version" "0.1.41"
  dependencies:
    "better-sse" "~0.8.0"
    "brainsatplay-math" "~0.0.23"
    "bson-objectid" "~2.0.3"
    "web-worker" "~1.2.0"
    "ws" "~8.8.1"

"howler@~2.2.3":
  "integrity" "sha512-QM0FFkw0LRX1PR8pNzJVAY25JhIWvbKMBFM4gqk+QdV+kPXOhleWGCB6AiAF/goGjIHK2e/nIElplvjQwhr0jg=="
  "resolved" "https://registry.npmjs.org/howler/-/howler-2.2.3.tgz"
  "version" "2.2.3"

"lodash@^4.17.14":
  "integrity" "sha512-v2kDEe57lecTulaDIuNTPy3Ry4gLGJ6Z1O3vE1krgXZNrsQ+LFTGHVxVjcXPs17LhbZVGedAJv8XZ1tvj5FvSg=="
  "resolved" "https://registry.npmjs.org/lodash/-/lodash-4.17.21.tgz"
  "version" "4.17.21"

"pako@^1.0.4":
  "integrity" "sha512-4hLB8Py4zZce5s4yd9XzopqwVv/yGNhV1Bl8NTmCq1763HeK2+EwVTv+leGeL13Dnh2wfbqowVPXCIO0z4taYw=="
  "resolved" "https://registry.npmjs.org/pako/-/pako-1.0.11.tgz"
  "version" "1.0.11"

"throat@^6.0.1":
  "integrity" "sha512-8hmiGIJMDlwjg7dlJ4yKGLK8EsYqKgPWbG3b4wjJddKNwc7N7Dpn08Df4szr/sZdMVeOstrdYSsqzX6BYbcB+w=="
  "resolved" "https://registry.npmjs.org/throat/-/throat-6.0.1.tgz"
  "version" "6.0.1"

"tslib@^2.1.0":
  "integrity" "sha512-d6xOpEDfsi2CZVlPQzGeux8XMwLT9hssAsaPYExaQMuYskwb+x1x7J371tWlbBdWHroy99KnVB6qIkUbs5X3UQ=="
  "resolved" "https://registry.npmjs.org/tslib/-/tslib-2.4.0.tgz"
  "version" "2.4.0"

"web-worker@~1.2.0":
  "integrity" "sha512-PgF341avzqyx60neE9DD+XS26MMNMoUQRz9NOZwW32nPQrF6p77f1htcnjBSEV8BGMKZ16choqUG4hyI0Hx7mA=="
  "resolved" "https://registry.npmjs.org/web-worker/-/web-worker-1.2.0.tgz"
  "version" "1.2.0"

"webgl-plot-utils@~0.2.4", "webgl-plot-utils@~0.2.7":
  "integrity" "sha512-Fi6QNWeBivFlDU45sT/3HmDwrdbajpYqm/8OL7tgiH5e1zamnbZt2b6LspE2vuyOBJkV3nkfik/Yfoz9W6JUPQ=="
  "resolved" "https://registry.npmjs.org/webgl-plot-utils/-/webgl-plot-utils-0.2.7.tgz"
  "version" "0.2.7"
  dependencies:
    "webgl-plot" "~0.7.0"

"webgl-plot@~0.7.0":
  "integrity" "sha512-/prs3XMFKlXcov3qvx3LxqMws0Dg68kmmHmO82Qm6FFGpeKME7c3nuVqSe9CG47BvG9mGVPxDMjRc0DP/jTc2A=="
  "resolved" "https://registry.npmjs.org/webgl-plot/-/webgl-plot-0.7.0.tgz"
  "version" "0.7.0"

"ws@~8.8.1":
  "integrity" "sha512-bGy2JzvzkPowEJV++hF07hAD6niYSr0JzBNo/J29WsB57A2r7Wlc1UFcTR9IzrPvuNVO4B8LGqF8qcpsVOhJCA=="
  "resolved" "https://registry.npmjs.org/ws/-/ws-8.8.1.tgz"
  "version" "8.8.1"
