# THIS IS AN AUTOGENERATED FILE. DO NOT EDIT THIS FILE DIRECTLY.
# yarn lockfile v1


better-sse@^0.7.1:
  version "0.7.1"
  resolved "https://registry.yarnpkg.com/better-sse/-/better-sse-0.7.1.tgz#5617f0f1b06f831f425a819c835bd7a6d54d5c82"
  integrity sha512-2t7XGg6hQFNwtmFXKi6/jyY5K0/4fa5UoOqVSYG2W/AFbVCt8gPnFw2LHM9ude91a8KhoXtRt9zOwpVZ5f5K5g==

brainsatplay-math@^0.0.22:
  version "0.0.22"
  resolved "https://registry.yarnpkg.com/brainsatplay-math/-/brainsatplay-math-0.0.22.tgz#580e2d2cd7573a49fad64facdc176cfe64c080f3"
  integrity sha512-er+7fobi+bgtuiaN5Pcg0cpOfl/d5hrM8W8sF5lnX9VWhcs2TvyG3J0UV+pozGYSBvtqij7Evs4HhhFIh3cfbQ==

bson-objectid@^2.0.3:
  version "2.0.4"
  resolved "https://registry.yarnpkg.com/bson-objectid/-/bson-objectid-2.0.4.tgz#339211572ef97dc98f2d68eaee7b99b7be59a089"
  integrity sha512-vgnKAUzcDoa+AeyYwXCoHyF2q6u/8H46dxu5JN+4/TZeq/Dlinn0K6GvxsCLb3LHUJl0m/TLiEK31kUwtgocMQ==

gpujsutils@^1.0.12:
  version "1.0.12"
  resolved "https://registry.yarnpkg.com/gpujsutils/-/gpujsutils-1.0.12.tgz#390874df5e6d0fdae8b674c22edc6f198a411bc0"
  integrity sha512-Zu6k59yavNqprmGGlrZT7fEVVex1Y5MWH/Eq7N5Mx8FrYRotmhtf2H4lAtlX9kR+TxffW51JUruJXnFOEvUg4Q==

web-worker@^1.2.0:
  version "1.2.0"
  resolved "https://registry.yarnpkg.com/web-worker/-/web-worker-1.2.0.tgz#5d85a04a7fbc1e7db58f66595d7a3ac7c9c180da"
  integrity sha512-PgF341avzqyx60neE9DD+XS26MMNMoUQRz9NOZwW32nPQrF6p77f1htcnjBSEV8BGMKZ16choqUG4hyI0Hx7mA==

ws@^8.7.0:
  version "8.11.0"
  resolved "https://registry.yarnpkg.com/ws/-/ws-8.11.0.tgz#6a0d36b8edfd9f96d8b25683db2f8d7de6e8e143"
  integrity sha512-HPG3wQd9sNQoT9xHyNCXoDUa+Xw/VevmY9FoHyQ+g+rrMn4j6FB4np7Z0OhdTgjx6MgQLK7jwSy1YecU1+4Asg==
