{
  "name": "tinybuildapp7099",
  "version": "0.0.0",
  "lockfileVersion": 2,
  "requires": true,
  "packages": {
    "": {
      "name": "tinybuildapp7099",
      "version": "0.0.0",
      "license": "AGPL-3.0-or-later",
      "dependencies": {
        "device-decoder": "~0.1.27",
        "graphscript": "~0.1.22",
        "howler": "~2.2.3"
      }
    },
    "node_modules/@capacitor-community/bluetooth-le": {
      "version": "2.0.0",
      "resolved": "https://registry.npmjs.org/@capacitor-community/bluetooth-le/-/bluetooth-le-2.0.0.tgz",
      "integrity": "sha512-RZKRml2aNKSDkmNuFhyzNtzIDmnf2dEemS00CxaQrtgXP4HCZOvMNyU7kUyhE2gethOMc/po/dR7IRXnUbpS4A==",
      "dependencies": {
        "@types/web-bluetooth": "^0.0.15",
        "throat": "^6.0.1"
      },
      "peerDependencies": {
        "@capacitor/core": "^4.0.0"
      }
    },
    "node_modules/@capacitor/core": {
      "version": "4.1.0",
      "resolved": "https://registry.npmjs.org/@capacitor/core/-/core-4.1.0.tgz",
      "integrity": "sha512-bMYFnC5l5n11D/kLTz9TOOJfUH+nQqYRwzG7h5h4AXIm8aFxH5ZY3iFlDZd7R4xcyrlnfxzfoooSH9trPjRBLA==",
      "peer": true,
      "dependencies": {
        "tslib": "^2.1.0"
      }
    },
    "node_modules/@types/web-bluetooth": {
      "version": "0.0.15",
      "resolved": "https://registry.npmjs.org/@types/web-bluetooth/-/web-bluetooth-0.0.15.tgz",
      "integrity": "sha512-w7hEHXnPMEZ+4nGKl/KDRVpxkwYxYExuHOYXyzIzCDzEZ9ZCGMAewulr9IqJu2LR4N37fcnb1XVeuZ09qgOxhA=="
    },
    "node_modules/better-sse": {
      "version": "0.8.0",
      "resolved": "https://registry.npmjs.org/better-sse/-/better-sse-0.8.0.tgz",
      "integrity": "sha512-ymOse8R0L+R2S1W85yOGkkc+yTzAmo52S4erjxPyBVwpqjpS+X228BG7hDwgKsGV/D51YhCYd+eaDwJ+sL5JhA==",
      "engines": {
        "node": ">=12",
        "pnpm": ">=6"
      }
    },
    "node_modules/brainsatplay-math": {
      "version": "0.0.22",
      "resolved": "https://registry.npmjs.org/brainsatplay-math/-/brainsatplay-math-0.0.22.tgz",
      "integrity": "sha512-er+7fobi+bgtuiaN5Pcg0cpOfl/d5hrM8W8sF5lnX9VWhcs2TvyG3J0UV+pozGYSBvtqij7Evs4HhhFIh3cfbQ=="
    },
    "node_modules/bson-objectid": {
      "version": "2.0.3",
      "resolved": "https://registry.npmjs.org/bson-objectid/-/bson-objectid-2.0.3.tgz",
      "integrity": "sha512-WYwVtY9yqk179EPMNuF3vcxufdrGLEo2XwqdRVbfLVe9X6jLt7WKZQgP+ObOcprakBGbHxzl76tgTaieqsH29g=="
    },
    "node_modules/device-decoder": {
      "version": "0.1.27",
      "resolved": "https://registry.npmjs.org/device-decoder/-/device-decoder-0.1.27.tgz",
      "integrity": "sha512-rF0NfmA1Xz9VAd/oB2NpPWEXbHH3SG7rUUXxQ/5nyCUrLGoJmt3y7lzmBlBCwslJHG+D5j1eUvUAn82M0JZwTA==",
      "dependencies": {
        "@capacitor-community/bluetooth-le": "~2.0.0",
        "brainsatplay-math": "^0.0.22",
        "graphscript": "~0.1.19"
      }
    },
    "node_modules/gpujsutils": {
      "version": "1.0.10",
      "resolved": "https://registry.npmjs.org/gpujsutils/-/gpujsutils-1.0.10.tgz",
      "integrity": "sha512-hn74yMSZrT4pf4nlS3SRZvUe7UaGCs3KYoi/dqhTJk3Gho2M9SScj7BHewTcNI1M2UonTkcaR/CA1KgXxekfVQ=="
    },
    "node_modules/graphscript": {
      "version": "0.1.22",
      "resolved": "https://registry.npmjs.org/graphscript/-/graphscript-0.1.22.tgz",
      "integrity": "sha512-ET2L9TloSZ90+T/C79ZdXv4PkMR3a9lgvzJm8XcJIKpHlSpYUDInLukgq6UzMNvPIm3icwyoIfVMhabCzRQpJw==",
      "dependencies": {
        "better-sse": "~0.8.0",
        "brainsatplay-math": "~0.0.22",
        "bson-objectid": "~2.0.3",
        "gpujsutils": "~1.0.10",
        "web-worker": "~1.2.0",
        "ws": "~8.8.1"
      }
    },
    "node_modules/howler": {
      "version": "2.2.3",
      "resolved": "https://registry.npmjs.org/howler/-/howler-2.2.3.tgz",
      "integrity": "sha512-QM0FFkw0LRX1PR8pNzJVAY25JhIWvbKMBFM4gqk+QdV+kPXOhleWGCB6AiAF/goGjIHK2e/nIElplvjQwhr0jg=="
    },
    "node_modules/throat": {
      "version": "6.0.1",
      "resolved": "https://registry.npmjs.org/throat/-/throat-6.0.1.tgz",
      "integrity": "sha512-8hmiGIJMDlwjg7dlJ4yKGLK8EsYqKgPWbG3b4wjJddKNwc7N7Dpn08Df4szr/sZdMVeOstrdYSsqzX6BYbcB+w=="
    },
    "node_modules/tslib": {
      "version": "2.4.0",
      "resolved": "https://registry.npmjs.org/tslib/-/tslib-2.4.0.tgz",
      "integrity": "sha512-d6xOpEDfsi2CZVlPQzGeux8XMwLT9hssAsaPYExaQMuYskwb+x1x7J371tWlbBdWHroy99KnVB6qIkUbs5X3UQ==",
      "peer": true
    },
    "node_modules/web-worker": {
      "version": "1.2.0",
      "resolved": "https://registry.npmjs.org/web-worker/-/web-worker-1.2.0.tgz",
      "integrity": "sha512-PgF341avzqyx60neE9DD+XS26MMNMoUQRz9NOZwW32nPQrF6p77f1htcnjBSEV8BGMKZ16choqUG4hyI0Hx7mA=="
    },
    "node_modules/ws": {
      "version": "8.8.1",
      "resolved": "https://registry.npmjs.org/ws/-/ws-8.8.1.tgz",
      "integrity": "sha512-bGy2JzvzkPowEJV++hF07hAD6niYSr0JzBNo/J29WsB57A2r7Wlc1UFcTR9IzrPvuNVO4B8LGqF8qcpsVOhJCA==",
      "engines": {
        "node": ">=10.0.0"
      },
      "peerDependencies": {
        "bufferutil": "^4.0.1",
        "utf-8-validate": "^5.0.2"
      },
      "peerDependenciesMeta": {
        "bufferutil": {
          "optional": true
        },
        "utf-8-validate": {
          "optional": true
        }
      }
    }
  },
  "dependencies": {
    "@capacitor-community/bluetooth-le": {
      "version": "2.0.0",
      "resolved": "https://registry.npmjs.org/@capacitor-community/bluetooth-le/-/bluetooth-le-2.0.0.tgz",
      "integrity": "sha512-RZKRml2aNKSDkmNuFhyzNtzIDmnf2dEemS00CxaQrtgXP4HCZOvMNyU7kUyhE2gethOMc/po/dR7IRXnUbpS4A==",
      "requires": {
        "@types/web-bluetooth": "^0.0.15",
        "throat": "^6.0.1"
      }
    },
    "@capacitor/core": {
      "version": "4.1.0",
      "resolved": "https://registry.npmjs.org/@capacitor/core/-/core-4.1.0.tgz",
      "integrity": "sha512-bMYFnC5l5n11D/kLTz9TOOJfUH+nQqYRwzG7h5h4AXIm8aFxH5ZY3iFlDZd7R4xcyrlnfxzfoooSH9trPjRBLA==",
      "peer": true,
      "requires": {
        "tslib": "^2.1.0"
      }
    },
    "@types/web-bluetooth": {
      "version": "0.0.15",
      "resolved": "https://registry.npmjs.org/@types/web-bluetooth/-/web-bluetooth-0.0.15.tgz",
      "integrity": "sha512-w7hEHXnPMEZ+4nGKl/KDRVpxkwYxYExuHOYXyzIzCDzEZ9ZCGMAewulr9IqJu2LR4N37fcnb1XVeuZ09qgOxhA=="
    },
    "better-sse": {
      "version": "0.8.0",
      "resolved": "https://registry.npmjs.org/better-sse/-/better-sse-0.8.0.tgz",
      "integrity": "sha512-ymOse8R0L+R2S1W85yOGkkc+yTzAmo52S4erjxPyBVwpqjpS+X228BG7hDwgKsGV/D51YhCYd+eaDwJ+sL5JhA=="
    },
    "brainsatplay-math": {
      "version": "0.0.22",
      "resolved": "https://registry.npmjs.org/brainsatplay-math/-/brainsatplay-math-0.0.22.tgz",
      "integrity": "sha512-er+7fobi+bgtuiaN5Pcg0cpOfl/d5hrM8W8sF5lnX9VWhcs2TvyG3J0UV+pozGYSBvtqij7Evs4HhhFIh3cfbQ=="
    },
    "bson-objectid": {
      "version": "2.0.3",
      "resolved": "https://registry.npmjs.org/bson-objectid/-/bson-objectid-2.0.3.tgz",
      "integrity": "sha512-WYwVtY9yqk179EPMNuF3vcxufdrGLEo2XwqdRVbfLVe9X6jLt7WKZQgP+ObOcprakBGbHxzl76tgTaieqsH29g=="
    },
    "device-decoder": {
      "version": "0.1.27",
      "resolved": "https://registry.npmjs.org/device-decoder/-/device-decoder-0.1.27.tgz",
      "integrity": "sha512-rF0NfmA1Xz9VAd/oB2NpPWEXbHH3SG7rUUXxQ/5nyCUrLGoJmt3y7lzmBlBCwslJHG+D5j1eUvUAn82M0JZwTA==",
      "requires": {
        "@capacitor-community/bluetooth-le": "~2.0.0",
        "brainsatplay-math": "^0.0.22",
        "graphscript": "~0.1.19"
      }
    },
    "gpujsutils": {
      "version": "1.0.10",
      "resolved": "https://registry.npmjs.org/gpujsutils/-/gpujsutils-1.0.10.tgz",
      "integrity": "sha512-hn74yMSZrT4pf4nlS3SRZvUe7UaGCs3KYoi/dqhTJk3Gho2M9SScj7BHewTcNI1M2UonTkcaR/CA1KgXxekfVQ=="
    },
    "graphscript": {
      "version": "0.1.22",
      "resolved": "https://registry.npmjs.org/graphscript/-/graphscript-0.1.22.tgz",
      "integrity": "sha512-ET2L9TloSZ90+T/C79ZdXv4PkMR3a9lgvzJm8XcJIKpHlSpYUDInLukgq6UzMNvPIm3icwyoIfVMhabCzRQpJw==",
      "requires": {
        "better-sse": "~0.8.0",
        "brainsatplay-math": "~0.0.22",
        "bson-objectid": "~2.0.3",
        "gpujsutils": "~1.0.10",
        "web-worker": "~1.2.0",
        "ws": "~8.8.1"
      }
    },
    "howler": {
      "version": "2.2.3",
      "resolved": "https://registry.npmjs.org/howler/-/howler-2.2.3.tgz",
      "integrity": "sha512-QM0FFkw0LRX1PR8pNzJVAY25JhIWvbKMBFM4gqk+QdV+kPXOhleWGCB6AiAF/goGjIHK2e/nIElplvjQwhr0jg=="
    },
    "throat": {
      "version": "6.0.1",
      "resolved": "https://registry.npmjs.org/throat/-/throat-6.0.1.tgz",
      "integrity": "sha512-8hmiGIJMDlwjg7dlJ4yKGLK8EsYqKgPWbG3b4wjJddKNwc7N7Dpn08Df4szr/sZdMVeOstrdYSsqzX6BYbcB+w=="
    },
    "tslib": {
      "version": "2.4.0",
      "resolved": "https://registry.npmjs.org/tslib/-/tslib-2.4.0.tgz",
      "integrity": "sha512-d6xOpEDfsi2CZVlPQzGeux8XMwLT9hssAsaPYExaQMuYskwb+x1x7J371tWlbBdWHroy99KnVB6qIkUbs5X3UQ==",
      "peer": true
    },
    "web-worker": {
      "version": "1.2.0",
      "resolved": "https://registry.npmjs.org/web-worker/-/web-worker-1.2.0.tgz",
      "integrity": "sha512-PgF341avzqyx60neE9DD+XS26MMNMoUQRz9NOZwW32nPQrF6p77f1htcnjBSEV8BGMKZ16choqUG4hyI0Hx7mA=="
    },
    "ws": {
      "version": "8.8.1",
      "resolved": "https://registry.npmjs.org/ws/-/ws-8.8.1.tgz",
      "integrity": "sha512-bGy2JzvzkPowEJV++hF07hAD6niYSr0JzBNo/J29WsB57A2r7Wlc1UFcTR9IzrPvuNVO4B8LGqF8qcpsVOhJCA==",
      "requires": {}
    }
  }
}
