# THIS IS AN AUTOGENERATED FILE. DO NOT EDIT THIS FILE DIRECTLY.
# yarn lockfile v1


"@capacitor-community/bluetooth-le@~2.0.0":
  "integrity" "sha512-RZKRml2aNKSDkmNuFhyzNtzIDmnf2dEemS00CxaQrtgXP4HCZOvMNyU7kUyhE2gethOMc/po/dR7IRXnUbpS4A=="
  "resolved" "https://registry.npmjs.org/@capacitor-community/bluetooth-le/-/bluetooth-le-2.0.0.tgz"
  "version" "2.0.0"
  dependencies:
    "@types/web-bluetooth" "^0.0.15"
    "throat" "^6.0.1"

"@capacitor/core@^4.0.0":
  "integrity" "sha512-bMYFnC5l5n11D/kLTz9TOOJfUH+nQqYRwzG7h5h4AXIm8aFxH5ZY3iFlDZd7R4xcyrlnfxzfoooSH9trPjRBLA=="
  "resolved" "https://registry.npmjs.org/@capacitor/core/-/core-4.1.0.tgz"
  "version" "4.1.0"
  dependencies:
    "tslib" "^2.1.0"

"@types/web-bluetooth@^0.0.15":
  "integrity" "sha512-w7hEHXnPMEZ+4nGKl/KDRVpxkwYxYExuHOYXyzIzCDzEZ9ZCGMAewulr9IqJu2LR4N37fcnb1XVeuZ09qgOxhA=="
  "resolved" "https://registry.npmjs.org/@types/web-bluetooth/-/web-bluetooth-0.0.15.tgz"
  "version" "0.0.15"

"async@^2.1.4":
  "integrity" "sha512-mzo5dfJYwAn29PeiJ0zvwTo04zj8HDJj0Mn8TD7sno7q12prdbnasKJHhkm2c1LgrhlJ0teaea8860oxi51mGA=="
  "resolved" "https://registry.npmjs.org/async/-/async-2.6.4.tgz"
  "version" "2.6.4"
  dependencies:
    "lodash" "^4.17.14"

"better-sse@~0.8.0":
  "integrity" "sha512-ymOse8R0L+R2S1W85yOGkkc+yTzAmo52S4erjxPyBVwpqjpS+X228BG7hDwgKsGV/D51YhCYd+eaDwJ+sL5JhA=="
  "resolved" "https://registry.npmjs.org/better-sse/-/better-sse-0.8.0.tgz"
  "version" "0.8.0"

"brainsatplay-math@~0.0.22", "brainsatplay-math@~0.0.23":
  "integrity" "sha512-zoAaKTwFsclvkvlaFaOzHMAlPBQ5hK0Q5KpwadaamWlqqSRgR9zS9NX16SI8B1GetPWaOLwySfGMeZFz1QnoBw=="
  "resolved" "https://registry.npmjs.org/brainsatplay-math/-/brainsatplay-math-0.0.23.tgz"
  "version" "0.0.23"

"browserfs@^1.4.3":
  "integrity" "sha512-tz8HClVrzTJshcyIu8frE15cjqjcBIu15Bezxsvl/i+6f59iNCN3kznlWjz0FEb3DlnDx3gW5szxeT6D1x0s0w=="
  "resolved" "https://registry.npmjs.org/browserfs/-/browserfs-1.4.3.tgz"
  "version" "1.4.3"
  dependencies:
    "async" "^2.1.4"
    "pako" "^1.0.4"

"bson-objectid@~2.0.3":
  "integrity" "sha512-WYwVtY9yqk179EPMNuF3vcxufdrGLEo2XwqdRVbfLVe9X6jLt7WKZQgP+ObOcprakBGbHxzl76tgTaieqsH29g=="
  "resolved" "https://registry.npmjs.org/bson-objectid/-/bson-objectid-2.0.3.tgz"
  "version" "2.0.3"

"device-decoder@~0.1.36":
  "integrity" "sha512-1LVRwgCEXXqJk3BxDafF2KZ5OdCRBg02VYDZg8iw1/QILPeHIrgt0NGJhMiG4sKubavOCqshU3gd0TH2PVsqyg=="
  "resolved" "https://registry.npmjs.org/device-decoder/-/device-decoder-0.1.36.tgz"
  "version" "0.1.36"
  dependencies:
    "@capacitor-community/bluetooth-le" "~2.0.0"
    "brainsatplay-math" "~0.0.23"
    "graphscript" "~0.1.39"
    "graphscript-services" "~0.1.40"

"gpujsutils@~1.0.10":
  "integrity" "sha512-hn74yMSZrT4pf4nlS3SRZvUe7UaGCs3KYoi/dqhTJk3Gho2M9SScj7BHewTcNI1M2UonTkcaR/CA1KgXxekfVQ=="
  "resolved" "https://registry.npmjs.org/gpujsutils/-/gpujsutils-1.0.10.tgz"
  "version" "1.0.10"

"graphscript-services@~0.1.40":
  "integrity" "sha512-M3urmNr2AV9xXOzR+ChMWODKvF/DPxXBHw/YSobGYpLyqSGVjwJeUuzveZkTKf2hrLPknQZFxiiAaX7qaEzweQ=="
  "resolved" "https://registry.npmjs.org/graphscript-services/-/graphscript-services-0.1.40.tgz"
  "version" "0.1.40"
  dependencies:
    "brainsatplay-math" "~0.0.23"
    "browserfs" "^1.4.3"
    "bson-objectid" "~2.0.3"
    "gpujsutils" "~1.0.10"

"graphscript@~0.1.39":
  "integrity" "sha512-nVfVGC1deYTygKm8wY4A9oKwpG5cI9ZbqTpz1NrmoqWzqO2inbjeoD9ZL3BgDCAS70G4ldquK1/8R2f886zpWw=="
  "resolved" "https://registry.npmjs.org/graphscript/-/graphscript-0.1.39.tgz"
  "version" "0.1.39"
  dependencies:
    "better-sse" "~0.8.0"
    "brainsatplay-math" "~0.0.22"
    "bson-objectid" "~2.0.3"
    "web-worker" "~1.2.0"
    "ws" "~8.8.1"

"howler@~2.2.3":
  "integrity" "sha512-QM0FFkw0LRX1PR8pNzJVAY25JhIWvbKMBFM4gqk+QdV+kPXOhleWGCB6AiAF/goGjIHK2e/nIElplvjQwhr0jg=="
  "resolved" "https://registry.npmjs.org/howler/-/howler-2.2.3.tgz"
  "version" "2.2.3"

"lodash@^4.17.14":
  "integrity" "sha512-v2kDEe57lecTulaDIuNTPy3Ry4gLGJ6Z1O3vE1krgXZNrsQ+LFTGHVxVjcXPs17LhbZVGedAJv8XZ1tvj5FvSg=="
  "resolved" "https://registry.npmjs.org/lodash/-/lodash-4.17.21.tgz"
  "version" "4.17.21"

"pako@^1.0.4":
  "integrity" "sha512-4hLB8Py4zZce5s4yd9XzopqwVv/yGNhV1Bl8NTmCq1763HeK2+EwVTv+leGeL13Dnh2wfbqowVPXCIO0z4taYw=="
  "resolved" "https://registry.npmjs.org/pako/-/pako-1.0.11.tgz"
  "version" "1.0.11"

"throat@^6.0.1":
  "integrity" "sha512-8hmiGIJMDlwjg7dlJ4yKGLK8EsYqKgPWbG3b4wjJddKNwc7N7Dpn08Df4szr/sZdMVeOstrdYSsqzX6BYbcB+w=="
  "resolved" "https://registry.npmjs.org/throat/-/throat-6.0.1.tgz"
  "version" "6.0.1"

"tinybuild@file:../../../../../AppData/Roaming/npm/node_modules/tinybuild":
  "resolved" "file:../../../../../AppData/Roaming/npm/node_modules/tinybuild"
  "version" "0.3.181"
  dependencies:
    "chokidar" "~3.5.3"
    "esbuild" "~0.14.49"
    "ws" "^8.5.0"

"tslib@^2.1.0":
  "integrity" "sha512-d6xOpEDfsi2CZVlPQzGeux8XMwLT9hssAsaPYExaQMuYskwb+x1x7J371tWlbBdWHroy99KnVB6qIkUbs5X3UQ=="
  "resolved" "https://registry.npmjs.org/tslib/-/tslib-2.4.0.tgz"
  "version" "2.4.0"

"web-worker@~1.2.0":
  "integrity" "sha512-PgF341avzqyx60neE9DD+XS26MMNMoUQRz9NOZwW32nPQrF6p77f1htcnjBSEV8BGMKZ16choqUG4hyI0Hx7mA=="
  "resolved" "https://registry.npmjs.org/web-worker/-/web-worker-1.2.0.tgz"
  "version" "1.2.0"

"ws@~8.8.1":
  "integrity" "sha512-bGy2JzvzkPowEJV++hF07hAD6niYSr0JzBNo/J29WsB57A2r7Wlc1UFcTR9IzrPvuNVO4B8LGqF8qcpsVOhJCA=="
  "resolved" "https://registry.npmjs.org/ws/-/ws-8.8.1.tgz"
  "version" "8.8.1"
