{
  "name": "tinybuildapp261",
  "version": "0.0.0",
  "lockfileVersion": 2,
  "requires": true,
  "packages": {
    "": {
      "name": "tinybuildapp261",
      "version": "0.0.0",
      "license": "LGPL-3.0-or-later",
      "dependencies": {
        "graphscript": "^0.0.157",
        "three": "^0.143.0"
      }
    },
    "node_modules/better-sse": {
      "version": "0.7.1",
      "resolved": "https://registry.npmjs.org/better-sse/-/better-sse-0.7.1.tgz",
      "integrity": "sha512-2t7XGg6hQFNwtmFXKi6/jyY5K0/4fa5UoOqVSYG2W/AFbVCt8gPnFw2LHM9ude91a8KhoXtRt9zOwpVZ5f5K5g==",
      "engines": {
        "node": ">=12",
        "pnpm": ">=6"
      }
    },
    "node_modules/brainsatplay-data": {
      "version": "0.0.48",
      "resolved": "https://registry.npmjs.org/brainsatplay-data/-/brainsatplay-data-0.0.48.tgz",
      "integrity": "sha512-3xJ4C5ts0z6dKTkaEI0LrHO443gphOj/OAP9JfZARZXE5MO+kMsOIlvAgijeP7ty4btZtg7MNEEacwIBXREgbQ==",
      "dependencies": {
        "brainsatplay-math": "^0.0.2"
      }
    },
    "node_modules/brainsatplay-data/node_modules/brainsatplay-math": {
      "version": "0.0.2",
      "resolved": "https://registry.npmjs.org/brainsatplay-math/-/brainsatplay-math-0.0.2.tgz",
      "integrity": "sha512-7fjUfcmR2TcHtRh9jCds1WF1HZWhvvDytE6ngrkOUnMTQTbrDs0iAcp8NjMEiHumJRjcaD/c6PN60wIY0rjQaQ=="
    },
    "node_modules/brainsatplay-math": {
      "version": "0.0.22",
      "resolved": "https://registry.npmjs.org/brainsatplay-math/-/brainsatplay-math-0.0.22.tgz",
      "integrity": "sha512-er+7fobi+bgtuiaN5Pcg0cpOfl/d5hrM8W8sF5lnX9VWhcs2TvyG3J0UV+pozGYSBvtqij7Evs4HhhFIh3cfbQ=="
    },
    "node_modules/bson-objectid": {
      "version": "2.0.3",
      "resolved": "https://registry.npmjs.org/bson-objectid/-/bson-objectid-2.0.3.tgz",
      "integrity": "sha512-WYwVtY9yqk179EPMNuF3vcxufdrGLEo2XwqdRVbfLVe9X6jLt7WKZQgP+ObOcprakBGbHxzl76tgTaieqsH29g=="
    },
    "node_modules/gpujsutils": {
      "version": "1.0.10",
      "resolved": "https://registry.npmjs.org/gpujsutils/-/gpujsutils-1.0.10.tgz",
      "integrity": "sha512-hn74yMSZrT4pf4nlS3SRZvUe7UaGCs3KYoi/dqhTJk3Gho2M9SScj7BHewTcNI1M2UonTkcaR/CA1KgXxekfVQ=="
    },
    "node_modules/graphscript": {
      "version": "0.0.157",
      "resolved": "https://registry.npmjs.org/graphscript/-/graphscript-0.0.157.tgz",
      "integrity": "sha512-VAxGbKZ6zx9xYVnzkVhWWgjBy0YaSup3G+e05PJe5FlWDjttFDmOgA6WloywkvK24zX0kWamj2Xmz9N4fmJx+w==",
      "dependencies": {
        "better-sse": "^0.7.1",
        "brainsatplay-data": "^0.0.48",
        "brainsatplay-math": "^0.0.22",
        "bson-objectid": "^2.0.3",
        "gpujsutils": "^1.0.8",
        "web-worker": "^1.2.0",
        "ws": "^8.7.0"
      }
    },
    "node_modules/three": {
      "version": "0.143.0",
      "resolved": "https://registry.npmjs.org/three/-/three-0.143.0.tgz",
      "integrity": "sha512-oKcAGYHhJ46TGEuHjodo2n6TY2R6lbvrkp+feKZxqsUL/WkH7GKKaeu6RHeyb2Xjfk2dPLRKLsOP0KM2VgT8Zg=="
    },
    "node_modules/web-worker": {
      "version": "1.2.0",
      "resolved": "https://registry.npmjs.org/web-worker/-/web-worker-1.2.0.tgz",
      "integrity": "sha512-PgF341avzqyx60neE9DD+XS26MMNMoUQRz9NOZwW32nPQrF6p77f1htcnjBSEV8BGMKZ16choqUG4hyI0Hx7mA=="
    },
    "node_modules/ws": {
      "version": "8.8.1",
      "resolved": "https://registry.npmjs.org/ws/-/ws-8.8.1.tgz",
      "integrity": "sha512-bGy2JzvzkPowEJV++hF07hAD6niYSr0JzBNo/J29WsB57A2r7Wlc1UFcTR9IzrPvuNVO4B8LGqF8qcpsVOhJCA==",
      "engines": {
        "node": ">=10.0.0"
      },
      "peerDependencies": {
        "bufferutil": "^4.0.1",
        "utf-8-validate": "^5.0.2"
      },
      "peerDependenciesMeta": {
        "bufferutil": {
          "optional": true
        },
        "utf-8-validate": {
          "optional": true
        }
      }
    }
  },
  "dependencies": {
    "better-sse": {
      "version": "0.7.1",
      "resolved": "https://registry.npmjs.org/better-sse/-/better-sse-0.7.1.tgz",
      "integrity": "sha512-2t7XGg6hQFNwtmFXKi6/jyY5K0/4fa5UoOqVSYG2W/AFbVCt8gPnFw2LHM9ude91a8KhoXtRt9zOwpVZ5f5K5g=="
    },
    "brainsatplay-data": {
      "version": "0.0.48",
      "resolved": "https://registry.npmjs.org/brainsatplay-data/-/brainsatplay-data-0.0.48.tgz",
      "integrity": "sha512-3xJ4C5ts0z6dKTkaEI0LrHO443gphOj/OAP9JfZARZXE5MO+kMsOIlvAgijeP7ty4btZtg7MNEEacwIBXREgbQ==",
      "requires": {
        "brainsatplay-math": "^0.0.2"
      },
      "dependencies": {
        "brainsatplay-math": {
          "version": "0.0.2",
          "resolved": "https://registry.npmjs.org/brainsatplay-math/-/brainsatplay-math-0.0.2.tgz",
          "integrity": "sha512-7fjUfcmR2TcHtRh9jCds1WF1HZWhvvDytE6ngrkOUnMTQTbrDs0iAcp8NjMEiHumJRjcaD/c6PN60wIY0rjQaQ=="
        }
      }
    },
    "brainsatplay-math": {
      "version": "0.0.22",
      "resolved": "https://registry.npmjs.org/brainsatplay-math/-/brainsatplay-math-0.0.22.tgz",
      "integrity": "sha512-er+7fobi+bgtuiaN5Pcg0cpOfl/d5hrM8W8sF5lnX9VWhcs2TvyG3J0UV+pozGYSBvtqij7Evs4HhhFIh3cfbQ=="
    },
    "bson-objectid": {
      "version": "2.0.3",
      "resolved": "https://registry.npmjs.org/bson-objectid/-/bson-objectid-2.0.3.tgz",
      "integrity": "sha512-WYwVtY9yqk179EPMNuF3vcxufdrGLEo2XwqdRVbfLVe9X6jLt7WKZQgP+ObOcprakBGbHxzl76tgTaieqsH29g=="
    },
    "gpujsutils": {
      "version": "1.0.10",
      "resolved": "https://registry.npmjs.org/gpujsutils/-/gpujsutils-1.0.10.tgz",
      "integrity": "sha512-hn74yMSZrT4pf4nlS3SRZvUe7UaGCs3KYoi/dqhTJk3Gho2M9SScj7BHewTcNI1M2UonTkcaR/CA1KgXxekfVQ=="
    },
    "graphscript": {
      "version": "0.0.157",
      "resolved": "https://registry.npmjs.org/graphscript/-/graphscript-0.0.157.tgz",
      "integrity": "sha512-VAxGbKZ6zx9xYVnzkVhWWgjBy0YaSup3G+e05PJe5FlWDjttFDmOgA6WloywkvK24zX0kWamj2Xmz9N4fmJx+w==",
      "requires": {
        "better-sse": "^0.7.1",
        "brainsatplay-data": "^0.0.48",
        "brainsatplay-math": "^0.0.22",
        "bson-objectid": "^2.0.3",
        "gpujsutils": "^1.0.8",
        "web-worker": "^1.2.0",
        "ws": "^8.7.0"
      }
    },
    "three": {
      "version": "0.143.0",
      "resolved": "https://registry.npmjs.org/three/-/three-0.143.0.tgz",
      "integrity": "sha512-oKcAGYHhJ46TGEuHjodo2n6TY2R6lbvrkp+feKZxqsUL/WkH7GKKaeu6RHeyb2Xjfk2dPLRKLsOP0KM2VgT8Zg=="
    },
    "web-worker": {
      "version": "1.2.0",
      "resolved": "https://registry.npmjs.org/web-worker/-/web-worker-1.2.0.tgz",
      "integrity": "sha512-PgF341avzqyx60neE9DD+XS26MMNMoUQRz9NOZwW32nPQrF6p77f1htcnjBSEV8BGMKZ16choqUG4hyI0Hx7mA=="
    },
    "ws": {
      "version": "8.8.1",
      "resolved": "https://registry.npmjs.org/ws/-/ws-8.8.1.tgz",
      "integrity": "sha512-bGy2JzvzkPowEJV++hF07hAD6niYSr0JzBNo/J29WsB57A2r7Wlc1UFcTR9IzrPvuNVO4B8LGqF8qcpsVOhJCA==",
      "requires": {}
    }
  }
}
