{
  "name": "tinybuildapp6104",
  "version": "0.0.0",
  "lockfileVersion": 2,
  "requires": true,
  "packages": {
    "": {
      "name": "tinybuildapp6104",
      "version": "0.0.0",
      "license": "LGPL-3.0-or-later",
      "dependencies": {
        "browserfs": "^1.4.3",
        "device-decoder": "~0.3.3",
        "device-decoder.third-party": "~0.1.24",
        "graphscript": "~0.2.24",
        "howler": "~2.2.3"
      }
    },
    "node_modules/@capacitor-community/bluetooth-le": {
      "version": "2.0.1",
      "resolved": "https://registry.npmjs.org/@capacitor-community/bluetooth-le/-/bluetooth-le-2.0.1.tgz",
      "integrity": "sha512-K8NOAvzHKdwy+Ql9Y8hvtZh5gj5pnleAD8Q89HM9FDMbTsZmyBID0FcPGJxAZVRAb9VuaID3YykluRM7Up27ew==",
      "dependencies": {
        "@types/web-bluetooth": "^0.0.15",
        "throat": "^6.0.1"
      },
      "peerDependencies": {
        "@capacitor/core": "^4.0.0"
      }
    },
    "node_modules/@capacitor/core": {
      "version": "4.3.0",
      "resolved": "https://registry.npmjs.org/@capacitor/core/-/core-4.3.0.tgz",
      "integrity": "sha512-zb225feaiHYcttHqw7SnKVj9gjOh3yoM2ol0Efky4kd80qZvqPHt7nRI1XZmGUKid5j3AVggULd5rRke5OEOXQ==",
      "peer": true,
      "dependencies": {
        "tslib": "^2.1.0"
      }
    },
    "node_modules/@types/web-bluetooth": {
      "version": "0.0.15",
      "resolved": "https://registry.npmjs.org/@types/web-bluetooth/-/web-bluetooth-0.0.15.tgz",
      "integrity": "sha512-w7hEHXnPMEZ+4nGKl/KDRVpxkwYxYExuHOYXyzIzCDzEZ9ZCGMAewulr9IqJu2LR4N37fcnb1XVeuZ09qgOxhA=="
    },
    "node_modules/async": {
      "version": "2.6.4",
      "resolved": "https://registry.npmjs.org/async/-/async-2.6.4.tgz",
      "integrity": "sha512-mzo5dfJYwAn29PeiJ0zvwTo04zj8HDJj0Mn8TD7sno7q12prdbnasKJHhkm2c1LgrhlJ0teaea8860oxi51mGA==",
      "dependencies": {
        "lodash": "^4.17.14"
      }
    },
    "node_modules/better-sse": {
      "version": "0.8.0",
      "resolved": "https://registry.npmjs.org/better-sse/-/better-sse-0.8.0.tgz",
      "integrity": "sha512-ymOse8R0L+R2S1W85yOGkkc+yTzAmo52S4erjxPyBVwpqjpS+X228BG7hDwgKsGV/D51YhCYd+eaDwJ+sL5JhA==",
      "engines": {
        "node": ">=12",
        "pnpm": ">=6"
      }
    },
    "node_modules/brainsatplay-math": {
      "version": "0.0.25",
      "resolved": "https://registry.npmjs.org/brainsatplay-math/-/brainsatplay-math-0.0.25.tgz",
      "integrity": "sha512-J2s+/4osnjVVqqKVwuCuYbr9eGhXF4eFsGq/ImPIHICx0+1hJHoUN1XVCyiC8rOM7Nf0/8mmtVknzEeayVc7sQ=="
    },
    "node_modules/browserfs": {
      "version": "1.4.3",
      "resolved": "https://registry.npmjs.org/browserfs/-/browserfs-1.4.3.tgz",
      "integrity": "sha512-tz8HClVrzTJshcyIu8frE15cjqjcBIu15Bezxsvl/i+6f59iNCN3kznlWjz0FEb3DlnDx3gW5szxeT6D1x0s0w==",
      "dependencies": {
        "async": "^2.1.4",
        "pako": "^1.0.4"
      },
      "bin": {
        "make_xhrfs_index": "dist/scripts/make_xhrfs_index.js"
      },
      "engines": {
        "node": ">= 0.10"
      }
    },
    "node_modules/bson-objectid": {
      "version": "2.0.4",
      "resolved": "https://registry.npmjs.org/bson-objectid/-/bson-objectid-2.0.4.tgz",
      "integrity": "sha512-vgnKAUzcDoa+AeyYwXCoHyF2q6u/8H46dxu5JN+4/TZeq/Dlinn0K6GvxsCLb3LHUJl0m/TLiEK31kUwtgocMQ=="
    },
    "node_modules/device-decoder": {
      "version": "0.3.3",
      "resolved": "https://registry.npmjs.org/device-decoder/-/device-decoder-0.3.3.tgz",
      "integrity": "sha512-69MgzxkeCemOFqDIbzux7RuDGp08fcChMYAPaIdKBceO1S4RTEwtjrXwJqbRZIRMSXQBU1ZYsJtfGuXVjKRDZw==",
      "dependencies": {
        "@capacitor-community/bluetooth-le": "~2.0.1",
        "brainsatplay-math": "~0.1.0",
        "graphscript": "~0.2.24",
        "graphscript-services": "~0.2.25",
        "graphscript-services.gpu": "~0.2.24",
        "graphscript-services.storage": "~0.2.24",
        "webgl-plot-utils": "~0.3.15"
      }
    },
    "node_modules/device-decoder.third-party": {
      "version": "0.1.24",
      "resolved": "https://registry.npmjs.org/device-decoder.third-party/-/device-decoder.third-party-0.1.24.tgz",
      "integrity": "sha512-KA3LY4KZeI3qh8hj0bkdnl316GZRF2rf82fcoa8rryqCpX19GUjDxzjbLwTxZwFMrIv/o6//XwpzBH6+wJzGSA==",
      "dependencies": {
        "webgl-plot-utils": "~0.3.15"
      }
    },
    "node_modules/gpujsutils": {
      "version": "1.0.12",
      "resolved": "https://registry.npmjs.org/gpujsutils/-/gpujsutils-1.0.12.tgz",
      "integrity": "sha512-Zu6k59yavNqprmGGlrZT7fEVVex1Y5MWH/Eq7N5Mx8FrYRotmhtf2H4lAtlX9kR+TxffW51JUruJXnFOEvUg4Q=="
    },
    "node_modules/graphscript": {
      "version": "0.2.24",
      "resolved": "https://registry.npmjs.org/graphscript/-/graphscript-0.2.24.tgz",
      "integrity": "sha512-uyHUrEb5tobSq4t1kgeNn6f9UEoTSLCA9XHCWbl60A0o228MBb6KXowwN0ZD+Bj0cPbguxldih6aXvXhUvMpmw==",
      "dependencies": {
        "better-sse": "~0.8.0",
        "brainsatplay-math": "~0.1.0",
        "bson-objectid": "~2.0.3",
        "web-worker": "~1.2.0",
        "ws": "~8.11.0"
      }
    },
    "node_modules/graphscript-services": {
      "version": "0.2.25",
      "resolved": "https://registry.npmjs.org/graphscript-services/-/graphscript-services-0.2.25.tgz",
      "integrity": "sha512-ZEREWh0AUKbRdwCsvSgonRN3IhF5+x+oWFFHUwHUWFvu2vruI0xiJXXp7hfBIbgUMGpEy9h2OUU6Doe/AELV5w==",
      "dependencies": {
        "brainsatplay-math": "~0.1.0",
        "browserfs": "^1.4.3",
        "bson-objectid": "~2.0.4",
        "gpujsutils": "~1.0.12",
        "web-worker": "^1.2.0",
        "webgl-plot-utils": "~0.3.15"
      }
    },
    "node_modules/graphscript-services.gpu": {
      "version": "0.2.24",
      "resolved": "https://registry.npmjs.org/graphscript-services.gpu/-/graphscript-services.gpu-0.2.24.tgz",
      "integrity": "sha512-ktwiPDFgxc7eRRrBwCgaiBD29IvstQS41S4MpbmLLzDj2r1P+R9AUMaTGnBqmi/u1NEfY1+lIVU0mU6U4QYoUA==",
      "dependencies": {
        "brainsatplay-math": "~0.1.0",
        "browserfs": "^1.4.3",
        "bson-objectid": "~2.0.3",
        "gpujsutils": "~1.0.12",
        "webgl-plot-utils": "~0.3.15"
      }
    },
    "node_modules/graphscript-services.storage": {
      "version": "0.2.24",
      "resolved": "https://registry.npmjs.org/graphscript-services.storage/-/graphscript-services.storage-0.2.24.tgz",
      "integrity": "sha512-qqyJUHDD52Y3uZCmXRGh/oCxLDDzElknK4DShJRmalqqI+ajy81DMGkWeJOqGW450k3IrQDlaD5naxNxGBKd9g==",
      "dependencies": {
        "brainsatplay-math": "~0.1.0",
        "browserfs": "^1.4.3",
        "bson-objectid": "~2.0.4",
        "gpujsutils": "~1.0.12",
        "webgl-plot-utils": "~0.3.15"
      }
    },
    "node_modules/howler": {
      "version": "2.2.3",
      "resolved": "https://registry.npmjs.org/howler/-/howler-2.2.3.tgz",
      "integrity": "sha512-QM0FFkw0LRX1PR8pNzJVAY25JhIWvbKMBFM4gqk+QdV+kPXOhleWGCB6AiAF/goGjIHK2e/nIElplvjQwhr0jg=="
    },
    "node_modules/lodash": {
      "version": "4.17.21",
      "resolved": "https://registry.npmjs.org/lodash/-/lodash-4.17.21.tgz",
      "integrity": "sha512-v2kDEe57lecTulaDIuNTPy3Ry4gLGJ6Z1O3vE1krgXZNrsQ+LFTGHVxVjcXPs17LhbZVGedAJv8XZ1tvj5FvSg=="
    },
    "node_modules/pako": {
      "version": "1.0.11",
      "resolved": "https://registry.npmjs.org/pako/-/pako-1.0.11.tgz",
      "integrity": "sha512-4hLB8Py4zZce5s4yd9XzopqwVv/yGNhV1Bl8NTmCq1763HeK2+EwVTv+leGeL13Dnh2wfbqowVPXCIO0z4taYw=="
    },
    "node_modules/throat": {
      "version": "6.0.1",
      "resolved": "https://registry.npmjs.org/throat/-/throat-6.0.1.tgz",
      "integrity": "sha512-8hmiGIJMDlwjg7dlJ4yKGLK8EsYqKgPWbG3b4wjJddKNwc7N7Dpn08Df4szr/sZdMVeOstrdYSsqzX6BYbcB+w=="
    },
    "node_modules/tslib": {
      "version": "2.4.0",
      "resolved": "https://registry.npmjs.org/tslib/-/tslib-2.4.0.tgz",
      "integrity": "sha512-d6xOpEDfsi2CZVlPQzGeux8XMwLT9hssAsaPYExaQMuYskwb+x1x7J371tWlbBdWHroy99KnVB6qIkUbs5X3UQ==",
      "peer": true
    },
    "node_modules/web-worker": {
      "version": "1.2.0",
      "resolved": "https://registry.npmjs.org/web-worker/-/web-worker-1.2.0.tgz",
      "integrity": "sha512-PgF341avzqyx60neE9DD+XS26MMNMoUQRz9NOZwW32nPQrF6p77f1htcnjBSEV8BGMKZ16choqUG4hyI0Hx7mA=="
    },
    "node_modules/webgl-plot": {
      "version": "0.7.0",
      "resolved": "https://registry.npmjs.org/webgl-plot/-/webgl-plot-0.7.0.tgz",
      "integrity": "sha512-/prs3XMFKlXcov3qvx3LxqMws0Dg68kmmHmO82Qm6FFGpeKME7c3nuVqSe9CG47BvG9mGVPxDMjRc0DP/jTc2A=="
    },
    "node_modules/webgl-plot-utils": {
      "version": "0.3.15",
      "resolved": "https://registry.npmjs.org/webgl-plot-utils/-/webgl-plot-utils-0.3.15.tgz",
      "integrity": "sha512-OXPhrDATC4VVHVA4ySnxmvoSenNz/GNeX1e0vqPVyYt9l9bCSeZOou8tfOIAh5NoJ8UXZoq1yBNShLzwYAi8BA==",
      "dependencies": {
        "webgl-plot": "~0.7.0"
      }
    },
    "node_modules/ws": {
      "version": "8.11.0",
      "resolved": "https://registry.npmjs.org/ws/-/ws-8.11.0.tgz",
      "integrity": "sha512-HPG3wQd9sNQoT9xHyNCXoDUa+Xw/VevmY9FoHyQ+g+rrMn4j6FB4np7Z0OhdTgjx6MgQLK7jwSy1YecU1+4Asg==",
      "engines": {
        "node": ">=10.0.0"
      },
      "peerDependencies": {
        "bufferutil": "^4.0.1",
        "utf-8-validate": "^5.0.2"
      },
      "peerDependenciesMeta": {
        "bufferutil": {
          "optional": true
        },
        "utf-8-validate": {
          "optional": true
        }
      }
    }
  },
  "dependencies": {
    "@capacitor-community/bluetooth-le": {
      "version": "2.0.1",
      "resolved": "https://registry.npmjs.org/@capacitor-community/bluetooth-le/-/bluetooth-le-2.0.1.tgz",
      "integrity": "sha512-K8NOAvzHKdwy+Ql9Y8hvtZh5gj5pnleAD8Q89HM9FDMbTsZmyBID0FcPGJxAZVRAb9VuaID3YykluRM7Up27ew==",
      "requires": {
        "@types/web-bluetooth": "^0.0.15",
        "throat": "^6.0.1"
      }
    },
    "@capacitor/core": {
      "version": "4.3.0",
      "resolved": "https://registry.npmjs.org/@capacitor/core/-/core-4.3.0.tgz",
      "integrity": "sha512-zb225feaiHYcttHqw7SnKVj9gjOh3yoM2ol0Efky4kd80qZvqPHt7nRI1XZmGUKid5j3AVggULd5rRke5OEOXQ==",
      "peer": true,
      "requires": {
        "tslib": "^2.1.0"
      }
    },
    "@types/web-bluetooth": {
      "version": "0.0.15",
      "resolved": "https://registry.npmjs.org/@types/web-bluetooth/-/web-bluetooth-0.0.15.tgz",
      "integrity": "sha512-w7hEHXnPMEZ+4nGKl/KDRVpxkwYxYExuHOYXyzIzCDzEZ9ZCGMAewulr9IqJu2LR4N37fcnb1XVeuZ09qgOxhA=="
    },
    "async": {
      "version": "2.6.4",
      "resolved": "https://registry.npmjs.org/async/-/async-2.6.4.tgz",
      "integrity": "sha512-mzo5dfJYwAn29PeiJ0zvwTo04zj8HDJj0Mn8TD7sno7q12prdbnasKJHhkm2c1LgrhlJ0teaea8860oxi51mGA==",
      "requires": {
        "lodash": "^4.17.14"
      }
    },
    "better-sse": {
      "version": "0.8.0",
      "resolved": "https://registry.npmjs.org/better-sse/-/better-sse-0.8.0.tgz",
      "integrity": "sha512-ymOse8R0L+R2S1W85yOGkkc+yTzAmo52S4erjxPyBVwpqjpS+X228BG7hDwgKsGV/D51YhCYd+eaDwJ+sL5JhA=="
    },
    "brainsatplay-math": {
      "version": "0.0.25",
      "resolved": "https://registry.npmjs.org/brainsatplay-math/-/brainsatplay-math-0.0.25.tgz",
      "integrity": "sha512-J2s+/4osnjVVqqKVwuCuYbr9eGhXF4eFsGq/ImPIHICx0+1hJHoUN1XVCyiC8rOM7Nf0/8mmtVknzEeayVc7sQ=="
    },
    "browserfs": {
      "version": "1.4.3",
      "resolved": "https://registry.npmjs.org/browserfs/-/browserfs-1.4.3.tgz",
      "integrity": "sha512-tz8HClVrzTJshcyIu8frE15cjqjcBIu15Bezxsvl/i+6f59iNCN3kznlWjz0FEb3DlnDx3gW5szxeT6D1x0s0w==",
      "requires": {
        "async": "^2.1.4",
        "pako": "^1.0.4"
      }
    },
    "bson-objectid": {
      "version": "2.0.4",
      "resolved": "https://registry.npmjs.org/bson-objectid/-/bson-objectid-2.0.4.tgz",
      "integrity": "sha512-vgnKAUzcDoa+AeyYwXCoHyF2q6u/8H46dxu5JN+4/TZeq/Dlinn0K6GvxsCLb3LHUJl0m/TLiEK31kUwtgocMQ=="
    },
    "device-decoder": {
      "version": "0.3.3",
      "resolved": "https://registry.npmjs.org/device-decoder/-/device-decoder-0.3.3.tgz",
      "integrity": "sha512-69MgzxkeCemOFqDIbzux7RuDGp08fcChMYAPaIdKBceO1S4RTEwtjrXwJqbRZIRMSXQBU1ZYsJtfGuXVjKRDZw==",
      "requires": {
        "@capacitor-community/bluetooth-le": "~2.0.1",
        "brainsatplay-math": "~0.1.0",
        "graphscript": "~0.2.24",
        "graphscript-services": "~0.2.25",
        "graphscript-services.gpu": "~0.2.24",
        "graphscript-services.storage": "~0.2.24",
        "webgl-plot-utils": "~0.3.15"
      }
    },
    "device-decoder.third-party": {
      "version": "0.1.24",
      "resolved": "https://registry.npmjs.org/device-decoder.third-party/-/device-decoder.third-party-0.1.24.tgz",
      "integrity": "sha512-KA3LY4KZeI3qh8hj0bkdnl316GZRF2rf82fcoa8rryqCpX19GUjDxzjbLwTxZwFMrIv/o6//XwpzBH6+wJzGSA==",
      "requires": {
        "webgl-plot-utils": "~0.3.15"
      }
    },
    "gpujsutils": {
      "version": "1.0.12",
      "resolved": "https://registry.npmjs.org/gpujsutils/-/gpujsutils-1.0.12.tgz",
      "integrity": "sha512-Zu6k59yavNqprmGGlrZT7fEVVex1Y5MWH/Eq7N5Mx8FrYRotmhtf2H4lAtlX9kR+TxffW51JUruJXnFOEvUg4Q=="
    },
    "graphscript": {
      "version": "0.2.24",
      "resolved": "https://registry.npmjs.org/graphscript/-/graphscript-0.2.24.tgz",
      "integrity": "sha512-uyHUrEb5tobSq4t1kgeNn6f9UEoTSLCA9XHCWbl60A0o228MBb6KXowwN0ZD+Bj0cPbguxldih6aXvXhUvMpmw==",
      "requires": {
        "better-sse": "~0.8.0",
        "brainsatplay-math": "~0.1.0",
        "bson-objectid": "~2.0.3",
        "web-worker": "~1.2.0",
        "ws": "~8.11.0"
      }
    },
    "graphscript-services": {
      "version": "0.2.25",
      "resolved": "https://registry.npmjs.org/graphscript-services/-/graphscript-services-0.2.25.tgz",
      "integrity": "sha512-ZEREWh0AUKbRdwCsvSgonRN3IhF5+x+oWFFHUwHUWFvu2vruI0xiJXXp7hfBIbgUMGpEy9h2OUU6Doe/AELV5w==",
      "requires": {
        "brainsatplay-math": "~0.1.0",
        "browserfs": "^1.4.3",
        "bson-objectid": "~2.0.4",
        "gpujsutils": "~1.0.12",
        "web-worker": "^1.2.0",
        "webgl-plot-utils": "~0.3.15"
      }
    },
    "graphscript-services.gpu": {
      "version": "0.2.24",
      "resolved": "https://registry.npmjs.org/graphscript-services.gpu/-/graphscript-services.gpu-0.2.24.tgz",
      "integrity": "sha512-ktwiPDFgxc7eRRrBwCgaiBD29IvstQS41S4MpbmLLzDj2r1P+R9AUMaTGnBqmi/u1NEfY1+lIVU0mU6U4QYoUA==",
      "requires": {
        "brainsatplay-math": "~0.1.0",
        "browserfs": "^1.4.3",
        "bson-objectid": "~2.0.3",
        "gpujsutils": "~1.0.12",
        "webgl-plot-utils": "~0.3.15"
      }
    },
    "graphscript-services.storage": {
      "version": "0.2.24",
      "resolved": "https://registry.npmjs.org/graphscript-services.storage/-/graphscript-services.storage-0.2.24.tgz",
      "integrity": "sha512-qqyJUHDD52Y3uZCmXRGh/oCxLDDzElknK4DShJRmalqqI+ajy81DMGkWeJOqGW450k3IrQDlaD5naxNxGBKd9g==",
      "requires": {
        "brainsatplay-math": "~0.1.0",
        "browserfs": "^1.4.3",
        "bson-objectid": "~2.0.4",
        "gpujsutils": "~1.0.12",
        "webgl-plot-utils": "~0.3.15"
      }
    },
    "howler": {
      "version": "2.2.3",
      "resolved": "https://registry.npmjs.org/howler/-/howler-2.2.3.tgz",
      "integrity": "sha512-QM0FFkw0LRX1PR8pNzJVAY25JhIWvbKMBFM4gqk+QdV+kPXOhleWGCB6AiAF/goGjIHK2e/nIElplvjQwhr0jg=="
    },
    "lodash": {
      "version": "4.17.21",
      "resolved": "https://registry.npmjs.org/lodash/-/lodash-4.17.21.tgz",
      "integrity": "sha512-v2kDEe57lecTulaDIuNTPy3Ry4gLGJ6Z1O3vE1krgXZNrsQ+LFTGHVxVjcXPs17LhbZVGedAJv8XZ1tvj5FvSg=="
    },
    "pako": {
      "version": "1.0.11",
      "resolved": "https://registry.npmjs.org/pako/-/pako-1.0.11.tgz",
      "integrity": "sha512-4hLB8Py4zZce5s4yd9XzopqwVv/yGNhV1Bl8NTmCq1763HeK2+EwVTv+leGeL13Dnh2wfbqowVPXCIO0z4taYw=="
    },
    "throat": {
      "version": "6.0.1",
      "resolved": "https://registry.npmjs.org/throat/-/throat-6.0.1.tgz",
      "integrity": "sha512-8hmiGIJMDlwjg7dlJ4yKGLK8EsYqKgPWbG3b4wjJddKNwc7N7Dpn08Df4szr/sZdMVeOstrdYSsqzX6BYbcB+w=="
    },
    "tslib": {
      "version": "2.4.0",
      "resolved": "https://registry.npmjs.org/tslib/-/tslib-2.4.0.tgz",
      "integrity": "sha512-d6xOpEDfsi2CZVlPQzGeux8XMwLT9hssAsaPYExaQMuYskwb+x1x7J371tWlbBdWHroy99KnVB6qIkUbs5X3UQ==",
      "peer": true
    },
    "web-worker": {
      "version": "1.2.0",
      "resolved": "https://registry.npmjs.org/web-worker/-/web-worker-1.2.0.tgz",
      "integrity": "sha512-PgF341avzqyx60neE9DD+XS26MMNMoUQRz9NOZwW32nPQrF6p77f1htcnjBSEV8BGMKZ16choqUG4hyI0Hx7mA=="
    },
    "webgl-plot": {
      "version": "0.7.0",
      "resolved": "https://registry.npmjs.org/webgl-plot/-/webgl-plot-0.7.0.tgz",
      "integrity": "sha512-/prs3XMFKlXcov3qvx3LxqMws0Dg68kmmHmO82Qm6FFGpeKME7c3nuVqSe9CG47BvG9mGVPxDMjRc0DP/jTc2A=="
    },
    "webgl-plot-utils": {
      "version": "0.3.15",
      "resolved": "https://registry.npmjs.org/webgl-plot-utils/-/webgl-plot-utils-0.3.15.tgz",
      "integrity": "sha512-OXPhrDATC4VVHVA4ySnxmvoSenNz/GNeX1e0vqPVyYt9l9bCSeZOou8tfOIAh5NoJ8UXZoq1yBNShLzwYAi8BA==",
      "requires": {
        "webgl-plot": "~0.7.0"
      }
    },
    "ws": {
      "version": "8.11.0",
      "resolved": "https://registry.npmjs.org/ws/-/ws-8.11.0.tgz",
      "integrity": "sha512-HPG3wQd9sNQoT9xHyNCXoDUa+Xw/VevmY9FoHyQ+g+rrMn4j6FB4np7Z0OhdTgjx6MgQLK7jwSy1YecU1+4Asg==",
      "requires": {}
    }
  }
}
