{
    "name": "graphscript-services",
    "version": "0.1.30",
    "lockfileVersion": 2,
    "requires": true,
    "packages": {
        "": {
            "name": "graphscript-services",
            "version": "0.1.30",
            "license": "AGPL-3.0-or-later",
            "dependencies": {
                "brainsatplay-math": "~0.0.22",
                "bson-objectid": "^2.0.3",
                "gpujsutils": "^1.0.8"
            },
            "devDependencies": {
                "@types/node": "^17.0.36"
            }
        },
        "../../../../AppData/Roaming/npm/node_modules/tinybuild": {
            "version": "0.3.181",
            "extraneous": true,
            "license": "AGPL-3.0-or-later",
            "dependencies": {
                "chokidar": "~3.5.3",
                "esbuild": "~0.14.49",
                "ws": "^8.5.0"
            },
            "bin": {
                "tinybuild": "tinybuild/bin/global.js"
            },
            "peerDependencies": {
                "typescript": "~4.6.4"
            }
        },
        "node_modules/@types/node": {
            "version": "17.0.45",
            "resolved": "https://registry.npmjs.org/@types/node/-/node-17.0.45.tgz",
            "integrity": "sha512-w+tIMs3rq2afQdsPJlODhoUEKzFP1ayaoyl1CcnwtIlsVe7K7bA1NGm4s3PraqTLlXnbIN84zuBlxBWo1u9BLw==",
            "dev": true
        },
        "node_modules/brainsatplay-math": {
            "version": "0.0.22",
            "resolved": "https://registry.npmjs.org/brainsatplay-math/-/brainsatplay-math-0.0.22.tgz",
            "integrity": "sha512-er+7fobi+bgtuiaN5Pcg0cpOfl/d5hrM8W8sF5lnX9VWhcs2TvyG3J0UV+pozGYSBvtqij7Evs4HhhFIh3cfbQ=="
        },
        "node_modules/bson-objectid": {
            "version": "2.0.3",
            "resolved": "https://registry.npmjs.org/bson-objectid/-/bson-objectid-2.0.3.tgz",
            "integrity": "sha512-WYwVtY9yqk179EPMNuF3vcxufdrGLEo2XwqdRVbfLVe9X6jLt7WKZQgP+ObOcprakBGbHxzl76tgTaieqsH29g=="
        },
        "node_modules/gpujsutils": {
            "version": "1.0.10",
            "resolved": "https://registry.npmjs.org/gpujsutils/-/gpujsutils-1.0.10.tgz",
            "integrity": "sha512-hn74yMSZrT4pf4nlS3SRZvUe7UaGCs3KYoi/dqhTJk3Gho2M9SScj7BHewTcNI1M2UonTkcaR/CA1KgXxekfVQ=="
        }
    },
    "dependencies": {
        "@types/node": {
            "version": "17.0.45",
            "resolved": "https://registry.npmjs.org/@types/node/-/node-17.0.45.tgz",
            "integrity": "sha512-w+tIMs3rq2afQdsPJlODhoUEKzFP1ayaoyl1CcnwtIlsVe7K7bA1NGm4s3PraqTLlXnbIN84zuBlxBWo1u9BLw==",
            "dev": true
        },
        "brainsatplay-math": {
            "version": "0.0.22",
            "resolved": "https://registry.npmjs.org/brainsatplay-math/-/brainsatplay-math-0.0.22.tgz",
            "integrity": "sha512-er+7fobi+bgtuiaN5Pcg0cpOfl/d5hrM8W8sF5lnX9VWhcs2TvyG3J0UV+pozGYSBvtqij7Evs4HhhFIh3cfbQ=="
        },
        "bson-objectid": {
            "version": "2.0.3",
            "resolved": "https://registry.npmjs.org/bson-objectid/-/bson-objectid-2.0.3.tgz",
            "integrity": "sha512-WYwVtY9yqk179EPMNuF3vcxufdrGLEo2XwqdRVbfLVe9X6jLt7WKZQgP+ObOcprakBGbHxzl76tgTaieqsH29g=="
        },
        "gpujsutils": {
            "version": "1.0.10",
            "resolved": "https://registry.npmjs.org/gpujsutils/-/gpujsutils-1.0.10.tgz",
            "integrity": "sha512-hn74yMSZrT4pf4nlS3SRZvUe7UaGCs3KYoi/dqhTJk3Gho2M9SScj7BHewTcNI1M2UonTkcaR/CA1KgXxekfVQ=="
        }
    }
}
