# THIS IS AN AUTOGENERATED FILE. DO NOT EDIT THIS FILE DIRECTLY.
# yarn lockfile v1


"@types/node@~18.7.15":
  "integrity" "sha512-XnjpaI8Bgc3eBag2Aw4t2Uj/49lLBSStHWfqKvIuXD7FIrZyMLWp8KuAFHAqxMZYTF9l08N1ctUn9YNybZJVmQ=="
  "resolved" "https://registry.npmjs.org/@types/node/-/node-18.7.15.tgz"
  "version" "18.7.15"

"async@^2.1.4":
  "integrity" "sha512-mzo5dfJYwAn29PeiJ0zvwTo04zj8HDJj0Mn8TD7sno7q12prdbnasKJHhkm2c1LgrhlJ0teaea8860oxi51mGA=="
  "resolved" "https://registry.npmjs.org/async/-/async-2.6.4.tgz"
  "version" "2.6.4"
  dependencies:
    "lodash" "^4.17.14"

"brainsatplay-math@~0.0.25":
  "integrity" "sha512-J2s+/4osnjVVqqKVwuCuYbr9eGhXF4eFsGq/ImPIHICx0+1hJHoUN1XVCyiC8rOM7Nf0/8mmtVknzEeayVc7sQ=="
  "resolved" "https://registry.npmjs.org/brainsatplay-math/-/brainsatplay-math-0.0.25.tgz"
  "version" "0.0.25"

"browserfs@^1.4.3":
  "integrity" "sha512-tz8HClVrzTJshcyIu8frE15cjqjcBIu15Bezxsvl/i+6f59iNCN3kznlWjz0FEb3DlnDx3gW5szxeT6D1x0s0w=="
  "resolved" "https://registry.npmjs.org/browserfs/-/browserfs-1.4.3.tgz"
  "version" "1.4.3"
  dependencies:
    "async" "^2.1.4"
    "pako" "^1.0.4"

"bson-objectid@~2.0.3":
  "integrity" "sha512-WYwVtY9yqk179EPMNuF3vcxufdrGLEo2XwqdRVbfLVe9X6jLt7WKZQgP+ObOcprakBGbHxzl76tgTaieqsH29g=="
  "resolved" "https://registry.npmjs.org/bson-objectid/-/bson-objectid-2.0.3.tgz"
  "version" "2.0.3"

"gpujsutils@~1.0.12":
  "integrity" "sha512-Zu6k59yavNqprmGGlrZT7fEVVex1Y5MWH/Eq7N5Mx8FrYRotmhtf2H4lAtlX9kR+TxffW51JUruJXnFOEvUg4Q=="
  "resolved" "https://registry.npmjs.org/gpujsutils/-/gpujsutils-1.0.12.tgz"
  "version" "1.0.12"

"lodash@^4.17.14":
  "integrity" "sha512-v2kDEe57lecTulaDIuNTPy3Ry4gLGJ6Z1O3vE1krgXZNrsQ+LFTGHVxVjcXPs17LhbZVGedAJv8XZ1tvj5FvSg=="
  "resolved" "https://registry.npmjs.org/lodash/-/lodash-4.17.21.tgz"
  "version" "4.17.21"

"pako@^1.0.4":
  "integrity" "sha512-4hLB8Py4zZce5s4yd9XzopqwVv/yGNhV1Bl8NTmCq1763HeK2+EwVTv+leGeL13Dnh2wfbqowVPXCIO0z4taYw=="
  "resolved" "https://registry.npmjs.org/pako/-/pako-1.0.11.tgz"
  "version" "1.0.11"

"tinybuild@file:../../../../AppData/Roaming/npm/node_modules/tinybuild":
  "resolved" "file:../../../../AppData/Roaming/npm/node_modules/tinybuild"
  "version" "0.3.181"
  dependencies:
    "chokidar" "~3.5.3"
    "esbuild" "~0.14.49"
    "ws" "^8.5.0"

"web-worker@^1.2.0":
  "integrity" "sha512-PgF341avzqyx60neE9DD+XS26MMNMoUQRz9NOZwW32nPQrF6p77f1htcnjBSEV8BGMKZ16choqUG4hyI0Hx7mA=="
  "resolved" "https://registry.npmjs.org/web-worker/-/web-worker-1.2.0.tgz"
  "version" "1.2.0"

"webgl-plot-utils@~0.3.8":
  "integrity" "sha512-NerHDByA+NGq47ffFhoS0iLPiasjutaqyz6LCQUNdwJw+v/fITvSUcov+j2BHZY5pS2G8NDpApPDtZlfVgpojQ=="
  "resolved" "https://registry.npmjs.org/webgl-plot-utils/-/webgl-plot-utils-0.3.8.tgz"
  "version" "0.3.8"
  dependencies:
    "webgl-plot" "~0.7.0"

"webgl-plot@~0.7.0":
  "integrity" "sha512-/prs3XMFKlXcov3qvx3LxqMws0Dg68kmmHmO82Qm6FFGpeKME7c3nuVqSe9CG47BvG9mGVPxDMjRc0DP/jTc2A=="
  "resolved" "https://registry.npmjs.org/webgl-plot/-/webgl-plot-0.7.0.tgz"
  "version" "0.7.0"
