# THIS IS AN AUTOGENERATED FILE. DO NOT EDIT THIS FILE DIRECTLY.
# yarn lockfile v1


"@types/node@~18.7.15":
  version "18.7.18"
  resolved "https://registry.yarnpkg.com/@types/node/-/node-18.7.18.tgz#633184f55c322e4fb08612307c274ee6d5ed3154"
  integrity sha512-m+6nTEOadJZuTPkKR/SYK3A2d7FZrgElol9UP1Kae90VVU4a6mxnPuLiIW1m4Cq4gZ/nWb9GrdVXJCoCazDAbg==

async@^2.1.4:
  version "2.6.4"
  resolved "https://registry.yarnpkg.com/async/-/async-2.6.4.tgz#706b7ff6084664cd7eae713f6f965433b5504221"
  integrity sha512-mzo5dfJYwAn29PeiJ0zvwTo04zj8HDJj0Mn8TD7sno7q12prdbnasKJHhkm2c1LgrhlJ0teaea8860oxi51mGA==
  dependencies:
    lodash "^4.17.14"

brainsatplay-math@~0.0.23:
  version "0.0.23"
  resolved "https://registry.yarnpkg.com/brainsatplay-math/-/brainsatplay-math-0.0.23.tgz#fcb0ce9b27e49aadfd9d5ca0c5a9c83a1d9a43a2"
  integrity sha512-zoAaKTwFsclvkvlaFaOzHMAlPBQ5hK0Q5KpwadaamWlqqSRgR9zS9NX16SI8B1GetPWaOLwySfGMeZFz1QnoBw==

browserfs@^1.4.3:
  version "1.4.3"
  resolved "https://registry.yarnpkg.com/browserfs/-/browserfs-1.4.3.tgz#92ffc6063967612daccdb8566d3fc03f521205fb"
  integrity sha512-tz8HClVrzTJshcyIu8frE15cjqjcBIu15Bezxsvl/i+6f59iNCN3kznlWjz0FEb3DlnDx3gW5szxeT6D1x0s0w==
  dependencies:
    async "^2.1.4"
    pako "^1.0.4"

bson-objectid@~2.0.3:
  version "2.0.3"
  resolved "https://registry.yarnpkg.com/bson-objectid/-/bson-objectid-2.0.3.tgz#d840185172846b2f10c42ce2bcdb4a50956a9db5"
  integrity sha512-WYwVtY9yqk179EPMNuF3vcxufdrGLEo2XwqdRVbfLVe9X6jLt7WKZQgP+ObOcprakBGbHxzl76tgTaieqsH29g==

gpujsutils@~1.0.10:
  version "1.0.10"
  resolved "https://registry.yarnpkg.com/gpujsutils/-/gpujsutils-1.0.10.tgz#45f7e8b093d9589c49495dd16950e4362f5bc7ee"
  integrity sha512-hn74yMSZrT4pf4nlS3SRZvUe7UaGCs3KYoi/dqhTJk3Gho2M9SScj7BHewTcNI1M2UonTkcaR/CA1KgXxekfVQ==

lodash@^4.17.14:
  version "4.17.21"
  resolved "https://registry.yarnpkg.com/lodash/-/lodash-4.17.21.tgz#679591c564c3bffaae8454cf0b3df370c3d6911c"
  integrity sha512-v2kDEe57lecTulaDIuNTPy3Ry4gLGJ6Z1O3vE1krgXZNrsQ+LFTGHVxVjcXPs17LhbZVGedAJv8XZ1tvj5FvSg==

pako@^1.0.4:
  version "1.0.11"
  resolved "https://registry.yarnpkg.com/pako/-/pako-1.0.11.tgz#6c9599d340d54dfd3946380252a35705a6b992bf"
  integrity sha512-4hLB8Py4zZce5s4yd9XzopqwVv/yGNhV1Bl8NTmCq1763HeK2+EwVTv+leGeL13Dnh2wfbqowVPXCIO0z4taYw==
